// !$*UTF8*$!
{
	archiveVersion = 1;
	classes = {
	};
	objectVersion = 77;
	objects = {

/* Begin PBXBuildFile section */
		3385C1FD2E4C79A8005C4210 /* ModelProviderEditView.swift in Sources */ = {isa = PBXBuildFile; fileRef = 3385C1FC2E4C79A3005C4210 /* ModelProviderEditView.swift */; };
		790799A62E471FEA004D9D1A /* ChatProxy.swift in Sources */ = {isa = PBXBuildFile; fileRef = 7907999D2E471FEA004D9D1A /* ChatProxy.swift */; };
		790799A82E471FEA004D9D1A /* ContentView.swift in Sources */ = {isa = PBXBuildFile; fileRef = 790799A22E471FEA004D9D1A /* ContentView.swift */; };
		790799A92E471FEA004D9D1A /* XcodePAIApp.swift in Sources */ = {isa = PBXBuildFile; fileRef = 790799A42E471FEA004D9D1A /* XcodePAIApp.swift */; };
		790799AA2E471FEA004D9D1A /* Assets.xcassets in Resources */ = {isa = PBXBuildFile; fileRef = 790799A12E471FEA004D9D1A /* Assets.xcassets */; };
		790799AC2E471FFF004D9D1A /* LLMModel.swift in Sources */ = {isa = PBXBuildFile; fileRef = 790799AB2E471FF8004D9D1A /* LLMModel.swift */; };
		790799AF2E47204C004D9D1A /* Constraint.swift in Sources */ = {isa = PBXBuildFile; fileRef = 790799AE2E472049004D9D1A /* Constraint.swift */; };
		790799B22E4873B7004D9D1A /* TCPServer.swift in Sources */ = {isa = PBXBuildFile; fileRef = 790799B12E4873A7004D9D1A /* TCPServer.swift */; };
		790799B42E487E08004D9D1A /* TCPConnection.swift in Sources */ = {isa = PBXBuildFile; fileRef = 790799B32E487E05004D9D1A /* TCPConnection.swift */; };
		790799B62E487F83004D9D1A /* HTTPConnection.swift in Sources */ = {isa = PBXBuildFile; fileRef = 790799B52E487F7E004D9D1A /* HTTPConnection.swift */; };
		790799B82E489106004D9D1A /* ChatProxyTunnel.swift in Sources */ = {isa = PBXBuildFile; fileRef = 790799B72E4890FC004D9D1A /* ChatProxyTunnel.swift */; };
		790799BA2E48932C004D9D1A /* Extensions.swift in Sources */ = {isa = PBXBuildFile; fileRef = 790799B92E489328004D9D1A /* Extensions.swift */; };
		790799BE2E48B6BD004D9D1A /* HTTPClient.swift in Sources */ = {isa = PBXBuildFile; fileRef = 790799BD2E48B6B8004D9D1A /* HTTPClient.swift */; };
		790799C02E48B833004D9D1A /* HTTPSSEClient.swift in Sources */ = {isa = PBXBuildFile; fileRef = 790799BF2E48B82E004D9D1A /* HTTPSSEClient.swift */; };
		790799C22E48BC74004D9D1A /* LLMRequest.swift in Sources */ = {isa = PBXBuildFile; fileRef = 790799C12E48BC71004D9D1A /* LLMRequest.swift */; };
		790799C42E48D914004D9D1A /* LLMResponse.swift in Sources */ = {isa = PBXBuildFile; fileRef = 790799C32E48D911004D9D1A /* LLMResponse.swift */; };
		790799C72E48F624004D9D1A /* LLMClient.swift in Sources */ = {isa = PBXBuildFile; fileRef = 790799C62E48F61D004D9D1A /* LLMClient.swift */; };
		790799C92E48F688004D9D1A /* LLMModelProvider.swift in Sources */ = {isa = PBXBuildFile; fileRef = 790799C82E48F683004D9D1A /* LLMModelProvider.swift */; };
		790799E02E4A3433004D9D1A /* SettingsView.swift in Sources */ = {isa = PBXBuildFile; fileRef = 790799DF2E4A342E004D9D1A /* SettingsView.swift */; };
		790799E32E4A36D1004D9D1A /* GeneralSettingSectionView.swift in Sources */ = {isa = PBXBuildFile; fileRef = 790799E22E4A36C8004D9D1A /* GeneralSettingSectionView.swift */; };
		790799E72E4A3ED4004D9D1A /* ChatProxySettingSectionView.swift in Sources */ = {isa = PBXBuildFile; fileRef = 790799E62E4A3ECA004D9D1A /* ChatProxySettingSectionView.swift */; };
		790799E92E4A5665004D9D1A /* MenuBarView.swift in Sources */ = {isa = PBXBuildFile; fileRef = 790799E82E4A565E004D9D1A /* MenuBarView.swift */; };
		790799EB2E4A5868004D9D1A /* AppDelegate.swift in Sources */ = {isa = PBXBuildFile; fileRef = 790799EA2E4A5864004D9D1A /* AppDelegate.swift */; };
		790799ED2E4B94B5004D9D1A /* LocalStorage.swift in Sources */ = {isa = PBXBuildFile; fileRef = 790799EC2E4B94B4004D9D1A /* LocalStorage.swift */; };
		790799F02E4BAE54004D9D1A /* AppIconView.swift in Sources */ = {isa = PBXBuildFile; fileRef = 790799EF2E4BAE50004D9D1A /* AppIconView.swift */; };
		790799F22E4BB5E2004D9D1A /* ModelProviderIconListView.swift in Sources */ = {isa = PBXBuildFile; fileRef = 790799F12E4BB5D7004D9D1A /* ModelProviderIconListView.swift */; };
		790799F42E4CD21D004D9D1A /* ModelProviderSettingView.swift in Sources */ = {isa = PBXBuildFile; fileRef = 790799F32E4CD21D004D9D1A /* ModelProviderSettingView.swift */; };
		790799F72E4CD562004D9D1A /* ModelProviderDetailView.swift in Sources */ = {isa = PBXBuildFile; fileRef = 790799F62E4CD561004D9D1A /* ModelProviderDetailView.swift */; };
		790799F92E4CE307004D9D1A /* LLMModelClient.swift in Sources */ = {isa = PBXBuildFile; fileRef = 790799F82E4CE300004D9D1A /* LLMModelClient.swift */; };
		790799FC2E4CF14F004D9D1A /* LoadingView.swift in Sources */ = {isa = PBXBuildFile; fileRef = 790799FB2E4CF14C004D9D1A /* LoadingView.swift */; };
/* End PBXBuildFile section */

/* Begin PBXFileReference section */
		3385C1FC2E4C79A3005C4210 /* ModelProviderEditView.swift */ = {isa = PBXFileReference; lastKnownFileType = sourcecode.swift; path = ModelProviderEditView.swift; sourceTree = "<group>"; };
		790799862E4507BA004D9D1A /* XcodePAI.app */ = {isa = PBXFileReference; explicitFileType = wrapper.application; includeInIndex = 0; path = XcodePAI.app; sourceTree = BUILT_PRODUCTS_DIR; };
		7907999D2E471FEA004D9D1A /* ChatProxy.swift */ = {isa = PBXFileReference; lastKnownFileType = sourcecode.swift; path = ChatProxy.swift; sourceTree = "<group>"; };
		790799A12E471FEA004D9D1A /* Assets.xcassets */ = {isa = PBXFileReference; lastKnownFileType = folder.assetcatalog; path = Assets.xcassets; sourceTree = "<group>"; };
		790799A22E471FEA004D9D1A /* ContentView.swift */ = {isa = PBXFileReference; lastKnownFileType = sourcecode.swift; path = ContentView.swift; sourceTree = "<group>"; };
		790799A32E471FEA004D9D1A /* XcodePAI.entitlements */ = {isa = PBXFileReference; lastKnownFileType = text.plist.entitlements; path = XcodePAI.entitlements; sourceTree = "<group>"; };
		790799A42E471FEA004D9D1A /* XcodePAIApp.swift */ = {isa = PBXFileReference; lastKnownFileType = sourcecode.swift; path = XcodePAIApp.swift; sourceTree = "<group>"; };
		790799AB2E471FF8004D9D1A /* LLMModel.swift */ = {isa = PBXFileReference; lastKnownFileType = sourcecode.swift; path = LLMModel.swift; sourceTree = "<group>"; };
		790799AE2E472049004D9D1A /* Constraint.swift */ = {isa = PBXFileReference; lastKnownFileType = sourcecode.swift; path = Constraint.swift; sourceTree = "<group>"; };
		790799B12E4873A7004D9D1A /* TCPServer.swift */ = {isa = PBXFileReference; lastKnownFileType = sourcecode.swift; path = TCPServer.swift; sourceTree = "<group>"; };
		790799B32E487E05004D9D1A /* TCPConnection.swift */ = {isa = PBXFileReference; lastKnownFileType = sourcecode.swift; path = TCPConnection.swift; sourceTree = "<group>"; };
		790799B52E487F7E004D9D1A /* HTTPConnection.swift */ = {isa = PBXFileReference; lastKnownFileType = sourcecode.swift; path = HTTPConnection.swift; sourceTree = "<group>"; };
		790799B72E4890FC004D9D1A /* ChatProxyTunnel.swift */ = {isa = PBXFileReference; lastKnownFileType = sourcecode.swift; path = ChatProxyTunnel.swift; sourceTree = "<group>"; };
		790799B92E489328004D9D1A /* Extensions.swift */ = {isa = PBXFileReference; lastKnownFileType = sourcecode.swift; path = Extensions.swift; sourceTree = "<group>"; };
		790799BD2E48B6B8004D9D1A /* HTTPClient.swift */ = {isa = PBXFileReference; lastKnownFileType = sourcecode.swift; path = HTTPClient.swift; sourceTree = "<group>"; };
		790799BF2E48B82E004D9D1A /* HTTPSSEClient.swift */ = {isa = PBXFileReference; lastKnownFileType = sourcecode.swift; path = HTTPSSEClient.swift; sourceTree = "<group>"; };
		790799C12E48BC71004D9D1A /* LLMRequest.swift */ = {isa = PBXFileReference; lastKnownFileType = sourcecode.swift; path = LLMRequest.swift; sourceTree = "<group>"; };
		790799C32E48D911004D9D1A /* LLMResponse.swift */ = {isa = PBXFileReference; lastKnownFileType = sourcecode.swift; path = LLMResponse.swift; sourceTree = "<group>"; };
		790799C62E48F61D004D9D1A /* LLMClient.swift */ = {isa = PBXFileReference; lastKnownFileType = sourcecode.swift; path = LLMClient.swift; sourceTree = "<group>"; };
		790799C82E48F683004D9D1A /* LLMModelProvider.swift */ = {isa = PBXFileReference; lastKnownFileType = sourcecode.swift; path = LLMModelProvider.swift; sourceTree = "<group>"; };
		790799DF2E4A342E004D9D1A /* SettingsView.swift */ = {isa = PBXFileReference; lastKnownFileType = sourcecode.swift; path = SettingsView.swift; sourceTree = "<group>"; };
		790799E22E4A36C8004D9D1A /* GeneralSettingSectionView.swift */ = {isa = PBXFileReference; lastKnownFileType = sourcecode.swift; path = GeneralSettingSectionView.swift; sourceTree = "<group>"; };
		790799E62E4A3ECA004D9D1A /* ChatProxySettingSectionView.swift */ = {isa = PBXFileReference; lastKnownFileType = sourcecode.swift; path = ChatProxySettingSectionView.swift; sourceTree = "<group>"; };
		790799E82E4A565E004D9D1A /* MenuBarView.swift */ = {isa = PBXFileReference; lastKnownFileType = sourcecode.swift; path = MenuBarView.swift; sourceTree = "<group>"; };
		790799EA2E4A5864004D9D1A /* AppDelegate.swift */ = {isa = PBXFileReference; lastKnownFileType = sourcecode.swift; path = AppDelegate.swift; sourceTree = "<group>"; };
		790799EC2E4B94B4004D9D1A /* LocalStorage.swift */ = {isa = PBXFileReference; lastKnownFileType = sourcecode.swift; path = LocalStorage.swift; sourceTree = "<group>"; };
		790799EF2E4BAE50004D9D1A /* AppIconView.swift */ = {isa = PBXFileReference; lastKnownFileType = sourcecode.swift; path = AppIconView.swift; sourceTree = "<group>"; };
		790799F12E4BB5D7004D9D1A /* ModelProviderIconListView.swift */ = {isa = PBXFileReference; lastKnownFileType = sourcecode.swift; path = ModelProviderIconListView.swift; sourceTree = "<group>"; };
		790799F32E4CD21D004D9D1A /* ModelProviderSettingView.swift */ = {isa = PBXFileReference; lastKnownFileType = sourcecode.swift; path = ModelProviderSettingView.swift; sourceTree = "<group>"; };
		790799F62E4CD561004D9D1A /* ModelProviderDetailView.swift */ = {isa = PBXFileReference; lastKnownFileType = sourcecode.swift; path = ModelProviderDetailView.swift; sourceTree = "<group>"; };
		790799F82E4CE300004D9D1A /* LLMModelClient.swift */ = {isa = PBXFileReference; lastKnownFileType = sourcecode.swift; path = LLMModelClient.swift; sourceTree = "<group>"; };
		790799FA2E4CE7A9004D9D1A /* Info.plist */ = {isa = PBXFileReference; lastKnownFileType = text.plist; path = Info.plist; sourceTree = "<group>"; };
		790799FB2E4CF14C004D9D1A /* LoadingView.swift */ = {isa = PBXFileReference; lastKnownFileType = sourcecode.swift; path = LoadingView.swift; sourceTree = "<group>"; };
/* End PBXFileReference section */

/* Begin PBXFrameworksBuildPhase section */
		790799832E4507BA004D9D1A /* Frameworks */ = {
			isa = PBXFrameworksBuildPhase;
			buildActionMask = 2147483647;
			files = (
			);
			runOnlyForDeploymentPostprocessing = 0;
		};
/* End PBXFrameworksBuildPhase section */

/* Begin PBXGroup section */
		7907997D2E4507BA004D9D1A = {
			isa = PBXGroup;
			children = (
				790799A52E471FEA004D9D1A /* XcodePAI */,
				790799872E4507BA004D9D1A /* Products */,
			);
			sourceTree = "<group>";
		};
		790799872E4507BA004D9D1A /* Products */ = {
			isa = PBXGroup;
			children = (
				790799862E4507BA004D9D1A /* XcodePAI.app */,
			);
			name = Products;
			sourceTree = "<group>";
		};
		7907999F2E471FEA004D9D1A /* ChatProxy */ = {
			isa = PBXGroup;
			children = (
				7907999D2E471FEA004D9D1A /* ChatProxy.swift */,
				790799B72E4890FC004D9D1A /* ChatProxyTunnel.swift */,
			);
			path = ChatProxy;
			sourceTree = "<group>";
		};
		790799A02E471FEA004D9D1A /* Models */ = {
			isa = PBXGroup;
			children = (
				790799C82E48F683004D9D1A /* LLMModelProvider.swift */,
				790799AB2E471FF8004D9D1A /* LLMModel.swift */,
				790799C12E48BC71004D9D1A /* LLMRequest.swift */,
				790799C32E48D911004D9D1A /* LLMResponse.swift */,
			);
			path = Models;
			sourceTree = "<group>";
		};
		790799A52E471FEA004D9D1A /* XcodePAI */ = {
			isa = PBXGroup;
			children = (
				790799FA2E4CE7A9004D9D1A /* Info.plist */,
				790799DE2E4A32CC004D9D1A /* Views */,
				790799B02E487394004D9D1A /* Network */,
				790799AD2E47203B004D9D1A /* Utils */,
				790799A02E471FEA004D9D1A /* Models */,
				7907999F2E471FEA004D9D1A /* ChatProxy */,
				790799A12E471FEA004D9D1A /* Assets.xcassets */,
				790799A32E471FEA004D9D1A /* XcodePAI.entitlements */,
				790799EA2E4A5864004D9D1A /* AppDelegate.swift */,
				790799A42E471FEA004D9D1A /* XcodePAIApp.swift */,
			);
			path = XcodePAI;
			sourceTree = "<group>";
		};
		790799AD2E47203B004D9D1A /* Utils */ = {
			isa = PBXGroup;
			children = (
				790799AE2E472049004D9D1A /* Constraint.swift */,
				790799B92E489328004D9D1A /* Extensions.swift */,
				790799EC2E4B94B4004D9D1A /* LocalStorage.swift */,
			);
			path = Utils;
			sourceTree = "<group>";
		};
		790799B02E487394004D9D1A /* Network */ = {
			isa = PBXGroup;
			children = (
				790799BB2E48B68F004D9D1A /* Server */,
				790799BC2E48B699004D9D1A /* Client */,
				790799C52E48F60E004D9D1A /* LLM */,
			);
			path = Network;
			sourceTree = "<group>";
		};
		790799BB2E48B68F004D9D1A /* Server */ = {
			isa = PBXGroup;
			children = (
				790799B12E4873A7004D9D1A /* TCPServer.swift */,
				790799B32E487E05004D9D1A /* TCPConnection.swift */,
				790799B52E487F7E004D9D1A /* HTTPConnection.swift */,
			);
			path = Server;
			sourceTree = "<group>";
		};
		790799BC2E48B699004D9D1A /* Client */ = {
			isa = PBXGroup;
			children = (
				790799BD2E48B6B8004D9D1A /* HTTPClient.swift */,
				790799BF2E48B82E004D9D1A /* HTTPSSEClient.swift */,
			);
			path = Client;
			sourceTree = "<group>";
		};
		790799C52E48F60E004D9D1A /* LLM */ = {
			isa = PBXGroup;
			children = (
				790799F82E4CE300004D9D1A /* LLMModelClient.swift */,
				790799C62E48F61D004D9D1A /* LLMClient.swift */,
			);
			path = LLM;
			sourceTree = "<group>";
		};
		790799DE2E4A32CC004D9D1A /* Views */ = {
			isa = PBXGroup;
			children = (
				790799EE2E4BAE3F004D9D1A /* Components */,
				790799E82E4A565E004D9D1A /* MenuBarView.swift */,
				790799E12E4A36AC004D9D1A /* SettingSectionViews */,
				790799DF2E4A342E004D9D1A /* SettingsView.swift */,
				790799A22E471FEA004D9D1A /* ContentView.swift */,
			);
			path = Views;
			sourceTree = "<group>";
		};
		790799E12E4A36AC004D9D1A /* SettingSectionViews */ = {
			isa = PBXGroup;
			children = (
				790799E22E4A36C8004D9D1A /* GeneralSettingSectionView.swift */,
				790799F52E4CD53D004D9D1A /* ModelProviderSetting */,
				790799E62E4A3ECA004D9D1A /* ChatProxySettingSectionView.swift */,
			);
			path = SettingSectionViews;
			sourceTree = "<group>";
		};
		790799EE2E4BAE3F004D9D1A /* Components */ = {
			isa = PBXGroup;
			children = (
				790799EF2E4BAE50004D9D1A /* AppIconView.swift */,
				790799FB2E4CF14C004D9D1A /* LoadingView.swift */,
				790799F12E4BB5D7004D9D1A /* ModelProviderIconListView.swift */,
				3385C1FC2E4C79A3005C4210 /* ModelProviderEditView.swift */,
			);
			path = Components;
			sourceTree = "<group>";
		};
		790799F52E4CD53D004D9D1A /* ModelProviderSetting */ = {
			isa = PBXGroup;
			children = (
				790799F32E4CD21D004D9D1A /* ModelProviderSettingView.swift */,
				790799F62E4CD561004D9D1A /* ModelProviderDetailView.swift */,
			);
			path = ModelProviderSetting;
			sourceTree = "<group>";
		};
/* End PBXGroup section */

/* Begin PBXNativeTarget section */
		790799852E4507BA004D9D1A /* XcodePAI */ = {
			isa = PBXNativeTarget;
			buildConfigurationList = 790799922E4507BB004D9D1A /* Build configuration list for PBXNativeTarget "XcodePAI" */;
			buildPhases = (
				790799822E4507BA004D9D1A /* Sources */,
				790799832E4507BA004D9D1A /* Frameworks */,
				790799842E4507BA004D9D1A /* Resources */,
			);
			buildRules = (
			);
			dependencies = (
			);
			name = XcodePAI;
			packageProductDependencies = (
			);
			productName = XcodePAI;
			productReference = 790799862E4507BA004D9D1A /* XcodePAI.app */;
			productType = "com.apple.product-type.application";
		};
/* End PBXNativeTarget section */

/* Begin PBXProject section */
		7907997E2E4507BA004D9D1A /* Project object */ = {
			isa = PBXProject;
			attributes = {
				BuildIndependentTargetsInParallel = 1;
				LastSwiftUpdateCheck = 1640;
				LastUpgradeCheck = 2600;
				TargetAttributes = {
					790799852E4507BA004D9D1A = {
						CreatedOnToolsVersion = 16.4;
					};
				};
			};
			buildConfigurationList = 790799812E4507BA004D9D1A /* Build configuration list for PBXProject "XcodePAI" */;
			developmentRegion = en;
			hasScannedForEncodings = 0;
			knownRegions = (
				en,
				Base,
			);
			mainGroup = 7907997D2E4507BA004D9D1A;
			minimizedProjectReferenceProxies = 1;
			preferredProjectObjectVersion = 77;
			productRefGroup = 790799872E4507BA004D9D1A /* Products */;
			projectDirPath = "";
			projectRoot = "";
			targets = (
				790799852E4507BA004D9D1A /* XcodePAI */,
			);
		};
/* End PBXProject section */

/* Begin PBXResourcesBuildPhase section */
		790799842E4507BA004D9D1A /* Resources */ = {
			isa = PBXResourcesBuildPhase;
			buildActionMask = 2147483647;
			files = (
				790799AA2E471FEA004D9D1A /* Assets.xcassets in Resources */,
			);
			runOnlyForDeploymentPostprocessing = 0;
		};
/* End PBXResourcesBuildPhase section */

/* Begin PBXSourcesBuildPhase section */
		790799822E4507BA004D9D1A /* Sources */ = {
			isa = PBXSourcesBuildPhase;
			buildActionMask = 2147483647;
			files = (
				790799EB2E4A5868004D9D1A /* AppDelegate.swift in Sources */,
				790799C42E48D914004D9D1A /* LLMResponse.swift in Sources */,
				790799C22E48BC74004D9D1A /* LLMRequest.swift in Sources */,
				790799A62E471FEA004D9D1A /* ChatProxy.swift in Sources */,
				790799AC2E471FFF004D9D1A /* LLMModel.swift in Sources */,
				790799E72E4A3ED4004D9D1A /* ChatProxySettingSectionView.swift in Sources */,
				790799E32E4A36D1004D9D1A /* GeneralSettingSectionView.swift in Sources */,
				3385C1FD2E4C79A8005C4210 /* ModelProviderEditView.swift in Sources */,
				790799F72E4CD562004D9D1A /* ModelProviderDetailView.swift in Sources */,
				790799F42E4CD21D004D9D1A /* ModelProviderSettingView.swift in Sources */,
				790799B82E489106004D9D1A /* ChatProxyTunnel.swift in Sources */,
				790799E02E4A3433004D9D1A /* SettingsView.swift in Sources */,
				790799F92E4CE307004D9D1A /* LLMModelClient.swift in Sources */,
				790799A82E471FEA004D9D1A /* ContentView.swift in Sources */,
				790799ED2E4B94B5004D9D1A /* LocalStorage.swift in Sources */,
				790799E92E4A5665004D9D1A /* MenuBarView.swift in Sources */,
				790799C92E48F688004D9D1A /* LLMModelProvider.swift in Sources */,
				790799C02E48B833004D9D1A /* HTTPSSEClient.swift in Sources */,
				790799A92E471FEA004D9D1A /* XcodePAIApp.swift in Sources */,
				790799BA2E48932C004D9D1A /* Extensions.swift in Sources */,
				790799F22E4BB5E2004D9D1A /* ModelProviderIconListView.swift in Sources */,
				790799BE2E48B6BD004D9D1A /* HTTPClient.swift in Sources */,
				790799F02E4BAE54004D9D1A /* AppIconView.swift in Sources */,
				790799B62E487F83004D9D1A /* HTTPConnection.swift in Sources */,
				790799B22E4873B7004D9D1A /* TCPServer.swift in Sources */,
				790799FC2E4CF14F004D9D1A /* LoadingView.swift in Sources */,
				790799AF2E47204C004D9D1A /* Constraint.swift in Sources */,
				790799B42E487E08004D9D1A /* TCPConnection.swift in Sources */,
				790799C72E48F624004D9D1A /* LLMClient.swift in Sources */,
			);
			runOnlyForDeploymentPostprocessing = 0;
		};
/* End PBXSourcesBuildPhase section */

/* Begin XCBuildConfiguration section */
		790799902E4507BB004D9D1A /* Debug */ = {
			isa = XCBuildConfiguration;
			buildSettings = {
				ALWAYS_SEARCH_USER_PATHS = NO;
				ASSETCATALOG_COMPILER_GENERATE_SWIFT_ASSET_SYMBOL_EXTENSIONS = YES;
				CLANG_ANALYZER_NONNULL = YES;
				CLANG_ANALYZER_NUMBER_OBJECT_CONVERSION = YES_AGGRESSIVE;
				CLANG_CXX_LANGUAGE_STANDARD = "gnu++20";
				CLANG_ENABLE_MODULES = YES;
				CLANG_ENABLE_OBJC_ARC = YES;
				CLANG_ENABLE_OBJC_WEAK = YES;
				CLANG_WARN_BLOCK_CAPTURE_AUTORELEASING = YES;
				CLANG_WARN_BOOL_CONVERSION = YES;
				CLANG_WARN_COMMA = YES;
				CLANG_WARN_CONSTANT_CONVERSION = YES;
				CLANG_WARN_DEPRECATED_OBJC_IMPLEMENTATIONS = YES;
				CLANG_WARN_DIRECT_OBJC_ISA_USAGE = YES_ERROR;
				CLANG_WARN_DOCUMENTATION_COMMENTS = YES;
				CLANG_WARN_EMPTY_BODY = YES;
				CLANG_WARN_ENUM_CONVERSION = YES;
				CLANG_WARN_INFINITE_RECURSION = YES;
				CLANG_WARN_INT_CONVERSION = YES;
				CLANG_WARN_NON_LITERAL_NULL_CONVERSION = YES;
				CLANG_WARN_OBJC_IMPLICIT_RETAIN_SELF = YES;
				CLANG_WARN_OBJC_LITERAL_CONVERSION = YES;
				CLANG_WARN_OBJC_ROOT_CLASS = YES_ERROR;
				CLANG_WARN_QUOTED_INCLUDE_IN_FRAMEWORK_HEADER = YES;
				CLANG_WARN_RANGE_LOOP_ANALYSIS = YES;
				CLANG_WARN_STRICT_PROTOTYPES = YES;
				CLANG_WARN_SUSPICIOUS_MOVE = YES;
				CLANG_WARN_UNGUARDED_AVAILABILITY = YES_AGGRESSIVE;
				CLANG_WARN_UNREACHABLE_CODE = YES;
				CLANG_WARN__DUPLICATE_METHOD_MATCH = YES;
				COPY_PHASE_STRIP = NO;
				DEAD_CODE_STRIPPING = YES;
				DEBUG_INFORMATION_FORMAT = dwarf;
				DEVELOPMENT_TEAM = FYT366469V;
				ENABLE_STRICT_OBJC_MSGSEND = YES;
				ENABLE_TESTABILITY = YES;
				ENABLE_USER_SCRIPT_SANDBOXING = YES;
				GCC_C_LANGUAGE_STANDARD = gnu17;
				GCC_DYNAMIC_NO_PIC = NO;
				GCC_NO_COMMON_BLOCKS = YES;
				GCC_OPTIMIZATION_LEVEL = 0;
				GCC_PREPROCESSOR_DEFINITIONS = (
					"DEBUG=1",
					"$(inherited)",
				);
				GCC_WARN_64_TO_32_BIT_CONVERSION = YES;
				GCC_WARN_ABOUT_RETURN_TYPE = YES_ERROR;
				GCC_WARN_UNDECLARED_SELECTOR = YES;
				GCC_WARN_UNINITIALIZED_AUTOS = YES_AGGRESSIVE;
				GCC_WARN_UNUSED_FUNCTION = YES;
				GCC_WARN_UNUSED_VARIABLE = YES;
				LOCALIZATION_PREFERS_STRING_CATALOGS = YES;
				MACOSX_DEPLOYMENT_TARGET = 15.5;
				MTL_ENABLE_DEBUG_INFO = INCLUDE_SOURCE;
				MTL_FAST_MATH = YES;
				ONLY_ACTIVE_ARCH = YES;
				SDKROOT = macosx;
				STRING_CATALOG_GENERATE_SYMBOLS = YES;
				SWIFT_ACTIVE_COMPILATION_CONDITIONS = "DEBUG $(inherited)";
				SWIFT_OPTIMIZATION_LEVEL = "-Onone";
			};
			name = Debug;
		};
		790799912E4507BB004D9D1A /* Release */ = {
			isa = XCBuildConfiguration;
			buildSettings = {
				ALWAYS_SEARCH_USER_PATHS = NO;
				ASSETCATALOG_COMPILER_GENERATE_SWIFT_ASSET_SYMBOL_EXTENSIONS = YES;
				CLANG_ANALYZER_NONNULL = YES;
				CLANG_ANALYZER_NUMBER_OBJECT_CONVERSION = YES_AGGRESSIVE;
				CLANG_CXX_LANGUAGE_STANDARD = "gnu++20";
				CLANG_ENABLE_MODULES = YES;
				CLANG_ENABLE_OBJC_ARC = YES;
				CLANG_ENABLE_OBJC_WEAK = YES;
				CLANG_WARN_BLOCK_CAPTURE_AUTORELEASING = YES;
				CLANG_WARN_BOOL_CONVERSION = YES;
				CLANG_WARN_COMMA = YES;
				CLANG_WARN_CONSTANT_CONVERSION = YES;
				CLANG_WARN_DEPRECATED_OBJC_IMPLEMENTATIONS = YES;
				CLANG_WARN_DIRECT_OBJC_ISA_USAGE = YES_ERROR;
				CLANG_WARN_DOCUMENTATION_COMMENTS = YES;
				CLANG_WARN_EMPTY_BODY = YES;
				CLANG_WARN_ENUM_CONVERSION = YES;
				CLANG_WARN_INFINITE_RECURSION = YES;
				CLANG_WARN_INT_CONVERSION = YES;
				CLANG_WARN_NON_LITERAL_NULL_CONVERSION = YES;
				CLANG_WARN_OBJC_IMPLICIT_RETAIN_SELF = YES;
				CLANG_WARN_OBJC_LITERAL_CONVERSION = YES;
				CLANG_WARN_OBJC_ROOT_CLASS = YES_ERROR;
				CLANG_WARN_QUOTED_INCLUDE_IN_FRAMEWORK_HEADER = YES;
				CLANG_WARN_RANGE_LOOP_ANALYSIS = YES;
				CLANG_WARN_STRICT_PROTOTYPES = YES;
				CLANG_WARN_SUSPICIOUS_MOVE = YES;
				CLANG_WARN_UNGUARDED_AVAILABILITY = YES_AGGRESSIVE;
				CLANG_WARN_UNREACHABLE_CODE = YES;
				CLANG_WARN__DUPLICATE_METHOD_MATCH = YES;
				COPY_PHASE_STRIP = NO;
				DEAD_CODE_STRIPPING = YES;
				DEBUG_INFORMATION_FORMAT = "dwarf-with-dsym";
				DEVELOPMENT_TEAM = FYT366469V;
				ENABLE_NS_ASSERTIONS = NO;
				ENABLE_STRICT_OBJC_MSGSEND = YES;
				ENABLE_USER_SCRIPT_SANDBOXING = YES;
				GCC_C_LANGUAGE_STANDARD = gnu17;
				GCC_NO_COMMON_BLOCKS = YES;
				GCC_WARN_64_TO_32_BIT_CONVERSION = YES;
				GCC_WARN_ABOUT_RETURN_TYPE = YES_ERROR;
				GCC_WARN_UNDECLARED_SELECTOR = YES;
				GCC_WARN_UNINITIALIZED_AUTOS = YES_AGGRESSIVE;
				GCC_WARN_UNUSED_FUNCTION = YES;
				GCC_WARN_UNUSED_VARIABLE = YES;
				LOCALIZATION_PREFERS_STRING_CATALOGS = YES;
				MACOSX_DEPLOYMENT_TARGET = 15.5;
				MTL_ENABLE_DEBUG_INFO = NO;
				MTL_FAST_MATH = YES;
				SDKROOT = macosx;
				STRING_CATALOG_GENERATE_SYMBOLS = YES;
				SWIFT_COMPILATION_MODE = wholemodule;
			};
			name = Release;
		};
		790799932E4507BB004D9D1A /* Debug */ = {
			isa = XCBuildConfiguration;
			buildSettings = {
				ASSETCATALOG_COMPILER_APPICON_NAME = AppIcon;
				ASSETCATALOG_COMPILER_GLOBAL_ACCENT_COLOR_NAME = AccentColor;
				ASSETCATALOG_COMPILER_INCLUDE_ALL_APPICON_ASSETS = YES;
				CODE_SIGN_ENTITLEMENTS = XcodePAI/XcodePAI.entitlements;
				CODE_SIGN_STYLE = Automatic;
				COMBINE_HIDPI_IMAGES = YES;
				CURRENT_PROJECT_VERSION = 1;
				DEAD_CODE_STRIPPING = YES;
				DEVELOPMENT_TEAM = FYT366469V;
				ENABLE_APP_SANDBOX = YES;
				ENABLE_HARDENED_RUNTIME = YES;
				ENABLE_INCOMING_NETWORK_CONNECTIONS = YES;
				ENABLE_OUTGOING_NETWORK_CONNECTIONS = YES;
				ENABLE_PREVIEWS = YES;
				ENABLE_USER_SELECTED_FILES = readonly;
				GENERATE_INFOPLIST_FILE = YES;
				INFOPLIST_FILE = XcodePAI/Info.plist;
				INFOPLIST_KEY_NSHumanReadableCopyright = "";
				LD_RUNPATH_SEARCH_PATHS = (
					"$(inherited)",
					"@executable_path/../Frameworks",
				);
				MARKETING_VERSION = 1.0;
				PRODUCT_BUNDLE_IDENTIFIER = com.R3Studio.XcodePAI;
				PRODUCT_NAME = "$(TARGET_NAME)";
				REGISTER_APP_GROUPS = YES;
				SWIFT_EMIT_LOC_STRINGS = YES;
				SWIFT_VERSION = 5.0;
			};
			name = Debug;
		};
		790799942E4507BB004D9D1A /* Release */ = {
			isa = XCBuildConfiguration;
			buildSettings = {
				ASSETCATALOG_COMPILER_APPICON_NAME = AppIcon;
				ASSETCATALOG_COMPILER_GLOBAL_ACCENT_COLOR_NAME = AccentColor;
				ASSETCATALOG_COMPILER_INCLUDE_ALL_APPICON_ASSETS = YES;
				CODE_SIGN_ENTITLEMENTS = XcodePAI/XcodePAI.entitlements;
				CODE_SIGN_STYLE = Automatic;
				COMBINE_HIDPI_IMAGES = YES;
				CURRENT_PROJECT_VERSION = 1;
				DEAD_CODE_STRIPPING = YES;
				DEVELOPMENT_TEAM = FYT366469V;
				ENABLE_APP_SANDBOX = YES;
				ENABLE_HARDENED_RUNTIME = YES;
				ENABLE_INCOMING_NETWORK_CONNECTIONS = YES;
				ENABLE_OUTGOING_NETWORK_CONNECTIONS = YES;
				ENABLE_PREVIEWS = YES;
				ENABLE_USER_SELECTED_FILES = readonly;
				GENERATE_INFOPLIST_FILE = YES;
				INFOPLIST_FILE = XcodePAI/Info.plist;
				INFOPLIST_KEY_NSHumanReadableCopyright = "";
				LD_RUNPATH_SEARCH_PATHS = (
					"$(inherited)",
					"@executable_path/../Frameworks",
				);
				MARKETING_VERSION = 1.0;
				PRODUCT_BUNDLE_IDENTIFIER = com.R3Studio.XcodePAI;
				PRODUCT_NAME = "$(TARGET_NAME)";
				REGISTER_APP_GROUPS = YES;
				SWIFT_EMIT_LOC_STRINGS = YES;
				SWIFT_VERSION = 5.0;
			};
			name = Release;
		};
/* End XCBuildConfiguration section */

/* Begin XCConfigurationList section */
		790799812E4507BA004D9D1A /* Build configuration list for PBXProject "XcodePAI" */ = {
			isa = XCConfigurationList;
			buildConfigurations = (
				790799902E4507BB004D9D1A /* Debug */,
				790799912E4507BB004D9D1A /* Release */,
			);
			defaultConfigurationIsVisible = 0;
			defaultConfigurationName = Release;
		};
		790799922E4507BB004D9D1A /* Build configuration list for PBXNativeTarget "XcodePAI" */ = {
			isa = XCConfigurationList;
			buildConfigurations = (
				790799932E4507BB004D9D1A /* Debug */,
				790799942E4507BB004D9D1A /* Release */,
			);
			defaultConfigurationIsVisible = 0;
			defaultConfigurationName = Release;
		};
/* End XCConfigurationList section */
	};
	rootObject = 7907997E2E4507BA004D9D1A /* Project object */;
}
