// !$*UTF8*$!
{
	archiveVersion = 1;
	classes = {
	};
	objectVersion = 77;
	objects = {

/* Begin PBXBuildFile section */
		790799A62E471FEA004D9D1A /* ChatProxy.swift in Sources */ = {isa = PBXBuildFile; fileRef = 7907999D2E471FEA004D9D1A /* ChatProxy.swift */; };
		790799A82E471FEA004D9D1A /* ContentView.swift in Sources */ = {isa = PBXBuildFile; fileRef = 790799A22E471FEA004D9D1A /* ContentView.swift */; };
		790799A92E471FEA004D9D1A /* XcodePAIApp.swift in Sources */ = {isa = PBXBuildFile; fileRef = 790799A42E471FEA004D9D1A /* XcodePAIApp.swift */; };
		790799AA2E471FEA004D9D1A /* Assets.xcassets in Resources */ = {isa = PBXBuildFile; fileRef = 790799A12E471FEA004D9D1A /* Assets.xcassets */; };
		790799AC2E471FFF004D9D1A /* LLMModel.swift in Sources */ = {isa = PBXBuildFile; fileRef = 790799AB2E471FF8004D9D1A /* LLMModel.swift */; };
		790799AF2E47204C004D9D1A /* Constraint.swift in Sources */ = {isa = PBXBuildFile; fileRef = 790799AE2E472049004D9D1A /* Constraint.swift */; };
		790799B22E4873B7004D9D1A /* TCPServer.swift in Sources */ = {isa = PBXBuildFile; fileRef = 790799B12E4873A7004D9D1A /* TCPServer.swift */; };
		790799B42E487E08004D9D1A /* TCPConnection.swift in Sources */ = {isa = PBXBuildFile; fileRef = 790799B32E487E05004D9D1A /* TCPConnection.swift */; };
		790799B62E487F83004D9D1A /* HTTPConnection.swift in Sources */ = {isa = PBXBuildFile; fileRef = 790799B52E487F7E004D9D1A /* HTTPConnection.swift */; };
		790799B82E489106004D9D1A /* ChatProxyTunnel.swift in Sources */ = {isa = PBXBuildFile; fileRef = 790799B72E4890FC004D9D1A /* ChatProxyTunnel.swift */; };
		790799BA2E48932C004D9D1A /* Extensions.swift in Sources */ = {isa = PBXBuildFile; fileRef = 790799B92E489328004D9D1A /* Extensions.swift */; };
/* End PBXBuildFile section */

/* Begin PBXFileReference section */
		790799862E4507BA004D9D1A /* XcodePAI.app */ = {isa = PBXFileReference; explicitFileType = wrapper.application; includeInIndex = 0; path = XcodePAI.app; sourceTree = BUILT_PRODUCTS_DIR; };
		7907999D2E471FEA004D9D1A /* ChatProxy.swift */ = {isa = PBXFileReference; lastKnownFileType = sourcecode.swift; path = ChatProxy.swift; sourceTree = "<group>"; };
		790799A12E471FEA004D9D1A /* Assets.xcassets */ = {isa = PBXFileReference; lastKnownFileType = folder.assetcatalog; path = Assets.xcassets; sourceTree = "<group>"; };
		790799A22E471FEA004D9D1A /* ContentView.swift */ = {isa = PBXFileReference; lastKnownFileType = sourcecode.swift; path = ContentView.swift; sourceTree = "<group>"; };
		790799A32E471FEA004D9D1A /* XcodePAI.entitlements */ = {isa = PBXFileReference; lastKnownFileType = text.plist.entitlements; path = XcodePAI.entitlements; sourceTree = "<group>"; };
		790799A42E471FEA004D9D1A /* XcodePAIApp.swift */ = {isa = PBXFileReference; lastKnownFileType = sourcecode.swift; path = XcodePAIApp.swift; sourceTree = "<group>"; };
		790799AB2E471FF8004D9D1A /* LLMModel.swift */ = {isa = PBXFileReference; lastKnownFileType = sourcecode.swift; path = LLMModel.swift; sourceTree = "<group>"; };
		790799AE2E472049004D9D1A /* Constraint.swift */ = {isa = PBXFileReference; lastKnownFileType = sourcecode.swift; path = Constraint.swift; sourceTree = "<group>"; };
		790799B12E4873A7004D9D1A /* TCPServer.swift */ = {isa = PBXFileReference; lastKnownFileType = sourcecode.swift; path = TCPServer.swift; sourceTree = "<group>"; };
		790799B32E487E05004D9D1A /* TCPConnection.swift */ = {isa = PBXFileReference; lastKnownFileType = sourcecode.swift; path = TCPConnection.swift; sourceTree = "<group>"; };
		790799B52E487F7E004D9D1A /* HTTPConnection.swift */ = {isa = PBXFileReference; lastKnownFileType = sourcecode.swift; path = HTTPConnection.swift; sourceTree = "<group>"; };
		790799B72E4890FC004D9D1A /* ChatProxyTunnel.swift */ = {isa = PBXFileReference; lastKnownFileType = sourcecode.swift; path = ChatProxyTunnel.swift; sourceTree = "<group>"; };
		790799B92E489328004D9D1A /* Extensions.swift */ = {isa = PBXFileReference; lastKnownFileType = sourcecode.swift; path = Extensions.swift; sourceTree = "<group>"; };
/* End PBXFileReference section */

/* Begin PBXFrameworksBuildPhase section */
		790799832E4507BA004D9D1A /* Frameworks */ = {
			isa = PBXFrameworksBuildPhase;
			buildActionMask = 2147483647;
			files = (
			);
			runOnlyForDeploymentPostprocessing = 0;
		};
/* End PBXFrameworksBuildPhase section */

/* Begin PBXGroup section */
		7907997D2E4507BA004D9D1A = {
			isa = PBXGroup;
			children = (
				790799A52E471FEA004D9D1A /* XcodePAI */,
				790799872E4507BA004D9D1A /* Products */,
			);
			sourceTree = "<group>";
		};
		790799872E4507BA004D9D1A /* Products */ = {
			isa = PBXGroup;
			children = (
				790799862E4507BA004D9D1A /* XcodePAI.app */,
			);
			name = Products;
			sourceTree = "<group>";
		};
		7907999F2E471FEA004D9D1A /* ChatProxy */ = {
			isa = PBXGroup;
			children = (
				7907999D2E471FEA004D9D1A /* ChatProxy.swift */,
				790799B72E4890FC004D9D1A /* ChatProxyTunnel.swift */,
			);
			path = ChatProxy;
			sourceTree = "<group>";
		};
		790799A02E471FEA004D9D1A /* Models */ = {
			isa = PBXGroup;
			children = (
				790799AB2E471FF8004D9D1A /* LLMModel.swift */,
			);
			path = Models;
			sourceTree = "<group>";
		};
		790799A52E471FEA004D9D1A /* XcodePAI */ = {
			isa = PBXGroup;
			children = (
				790799B02E487394004D9D1A /* Network */,
				790799AD2E47203B004D9D1A /* Utils */,
				790799A02E471FEA004D9D1A /* Models */,
				7907999F2E471FEA004D9D1A /* ChatProxy */,
				790799A12E471FEA004D9D1A /* Assets.xcassets */,
				790799A22E471FEA004D9D1A /* ContentView.swift */,
				790799A32E471FEA004D9D1A /* XcodePAI.entitlements */,
				790799A42E471FEA004D9D1A /* XcodePAIApp.swift */,
			);
			path = XcodePAI;
			sourceTree = "<group>";
		};
		790799AD2E47203B004D9D1A /* Utils */ = {
			isa = PBXGroup;
			children = (
				790799AE2E472049004D9D1A /* Constraint.swift */,
				790799B92E489328004D9D1A /* Extensions.swift */,
			);
			path = Utils;
			sourceTree = "<group>";
		};
		790799B02E487394004D9D1A /* Network */ = {
			isa = PBXGroup;
			children = (
				790799B12E4873A7004D9D1A /* TCPServer.swift */,
				790799B32E487E05004D9D1A /* TCPConnection.swift */,
				790799B52E487F7E004D9D1A /* HTTPConnection.swift */,
			);
			path = Network;
			sourceTree = "<group>";
		};
/* End PBXGroup section */

/* Begin PBXNativeTarget section */
		790799852E4507BA004D9D1A /* XcodePAI */ = {
			isa = PBXNativeTarget;
			buildConfigurationList = 790799922E4507BB004D9D1A /* Build configuration list for PBXNativeTarget "XcodePAI" */;
			buildPhases = (
				790799822E4507BA004D9D1A /* Sources */,
				790799832E4507BA004D9D1A /* Frameworks */,
				790799842E4507BA004D9D1A /* Resources */,
			);
			buildRules = (
			);
			dependencies = (
			);
			name = XcodePAI;
			packageProductDependencies = (
			);
			productName = XcodePAI;
			productReference = 790799862E4507BA004D9D1A /* XcodePAI.app */;
			productType = "com.apple.product-type.application";
		};
/* End PBXNativeTarget section */

/* Begin PBXProject section */
		7907997E2E4507BA004D9D1A /* Project object */ = {
			isa = PBXProject;
			attributes = {
				BuildIndependentTargetsInParallel = 1;
				LastSwiftUpdateCheck = 1640;
				LastUpgradeCheck = 1640;
				TargetAttributes = {
					790799852E4507BA004D9D1A = {
						CreatedOnToolsVersion = 16.4;
					};
				};
			};
			buildConfigurationList = 790799812E4507BA004D9D1A /* Build configuration list for PBXProject "XcodePAI" */;
			developmentRegion = en;
			hasScannedForEncodings = 0;
			knownRegions = (
				en,
				Base,
			);
			mainGroup = 7907997D2E4507BA004D9D1A;
			minimizedProjectReferenceProxies = 1;
			preferredProjectObjectVersion = 77;
			productRefGroup = 790799872E4507BA004D9D1A /* Products */;
			projectDirPath = "";
			projectRoot = "";
			targets = (
				790799852E4507BA004D9D1A /* XcodePAI */,
			);
		};
/* End PBXProject section */

/* Begin PBXResourcesBuildPhase section */
		790799842E4507BA004D9D1A /* Resources */ = {
			isa = PBXResourcesBuildPhase;
			buildActionMask = 2147483647;
			files = (
				790799AA2E471FEA004D9D1A /* Assets.xcassets in Resources */,
			);
			runOnlyForDeploymentPostprocessing = 0;
		};
/* End PBXResourcesBuildPhase section */

/* Begin PBXSourcesBuildPhase section */
		790799822E4507BA004D9D1A /* Sources */ = {
			isa = PBXSourcesBuildPhase;
			buildActionMask = 2147483647;
			files = (
				790799A62E471FEA004D9D1A /* ChatProxy.swift in Sources */,
				790799AC2E471FFF004D9D1A /* LLMModel.swift in Sources */,
				790799B82E489106004D9D1A /* ChatProxyTunnel.swift in Sources */,
				790799A82E471FEA004D9D1A /* ContentView.swift in Sources */,
				790799A92E471FEA004D9D1A /* XcodePAIApp.swift in Sources */,
				790799BA2E48932C004D9D1A /* Extensions.swift in Sources */,
				790799B62E487F83004D9D1A /* HTTPConnection.swift in Sources */,
				790799B22E4873B7004D9D1A /* TCPServer.swift in Sources */,
				790799AF2E47204C004D9D1A /* Constraint.swift in Sources */,
				790799B42E487E08004D9D1A /* TCPConnection.swift in Sources */,
			);
			runOnlyForDeploymentPostprocessing = 0;
		};
/* End PBXSourcesBuildPhase section */

/* Begin XCBuildConfiguration section */
		790799902E4507BB004D9D1A /* Debug */ = {
			isa = XCBuildConfiguration;
			buildSettings = {
				ALWAYS_SEARCH_USER_PATHS = NO;
				ASSETCATALOG_COMPILER_GENERATE_SWIFT_ASSET_SYMBOL_EXTENSIONS = YES;
				CLANG_ANALYZER_NONNULL = YES;
				CLANG_ANALYZER_NUMBER_OBJECT_CONVERSION = YES_AGGRESSIVE;
				CLANG_CXX_LANGUAGE_STANDARD = "gnu++20";
				CLANG_ENABLE_MODULES = YES;
				CLANG_ENABLE_OBJC_ARC = YES;
				CLANG_ENABLE_OBJC_WEAK = YES;
				CLANG_WARN_BLOCK_CAPTURE_AUTORELEASING = YES;
				CLANG_WARN_BOOL_CONVERSION = YES;
				CLANG_WARN_COMMA = YES;
				CLANG_WARN_CONSTANT_CONVERSION = YES;
				CLANG_WARN_DEPRECATED_OBJC_IMPLEMENTATIONS = YES;
				CLANG_WARN_DIRECT_OBJC_ISA_USAGE = YES_ERROR;
				CLANG_WARN_DOCUMENTATION_COMMENTS = YES;
				CLANG_WARN_EMPTY_BODY = YES;
				CLANG_WARN_ENUM_CONVERSION = YES;
				CLANG_WARN_INFINITE_RECURSION = YES;
				CLANG_WARN_INT_CONVERSION = YES;
				CLANG_WARN_NON_LITERAL_NULL_CONVERSION = YES;
				CLANG_WARN_OBJC_IMPLICIT_RETAIN_SELF = YES;
				CLANG_WARN_OBJC_LITERAL_CONVERSION = YES;
				CLANG_WARN_OBJC_ROOT_CLASS = YES_ERROR;
				CLANG_WARN_QUOTED_INCLUDE_IN_FRAMEWORK_HEADER = YES;
				CLANG_WARN_RANGE_LOOP_ANALYSIS = YES;
				CLANG_WARN_STRICT_PROTOTYPES = YES;
				CLANG_WARN_SUSPICIOUS_MOVE = YES;
				CLANG_WARN_UNGUARDED_AVAILABILITY = YES_AGGRESSIVE;
				CLANG_WARN_UNREACHABLE_CODE = YES;
				CLANG_WARN__DUPLICATE_METHOD_MATCH = YES;
				COPY_PHASE_STRIP = NO;
				DEBUG_INFORMATION_FORMAT = dwarf;
				DEVELOPMENT_TEAM = FYT366469V;
				ENABLE_STRICT_OBJC_MSGSEND = YES;
				ENABLE_TESTABILITY = YES;
				ENABLE_USER_SCRIPT_SANDBOXING = YES;
				GCC_C_LANGUAGE_STANDARD = gnu17;
				GCC_DYNAMIC_NO_PIC = NO;
				GCC_NO_COMMON_BLOCKS = YES;
				GCC_OPTIMIZATION_LEVEL = 0;
				GCC_PREPROCESSOR_DEFINITIONS = (
					"DEBUG=1",
					"$(inherited)",
				);
				GCC_WARN_64_TO_32_BIT_CONVERSION = YES;
				GCC_WARN_ABOUT_RETURN_TYPE = YES_ERROR;
				GCC_WARN_UNDECLARED_SELECTOR = YES;
				GCC_WARN_UNINITIALIZED_AUTOS = YES_AGGRESSIVE;
				GCC_WARN_UNUSED_FUNCTION = YES;
				GCC_WARN_UNUSED_VARIABLE = YES;
				LOCALIZATION_PREFERS_STRING_CATALOGS = YES;
				MACOSX_DEPLOYMENT_TARGET = 15.5;
				MTL_ENABLE_DEBUG_INFO = INCLUDE_SOURCE;
				MTL_FAST_MATH = YES;
				ONLY_ACTIVE_ARCH = YES;
				SDKROOT = macosx;
				SWIFT_ACTIVE_COMPILATION_CONDITIONS = "DEBUG $(inherited)";
				SWIFT_OPTIMIZATION_LEVEL = "-Onone";
			};
			name = Debug;
		};
		790799912E4507BB004D9D1A /* Release */ = {
			isa = XCBuildConfiguration;
			buildSettings = {
				ALWAYS_SEARCH_USER_PATHS = NO;
				ASSETCATALOG_COMPILER_GENERATE_SWIFT_ASSET_SYMBOL_EXTENSIONS = YES;
				CLANG_ANALYZER_NONNULL = YES;
				CLANG_ANALYZER_NUMBER_OBJECT_CONVERSION = YES_AGGRESSIVE;
				CLANG_CXX_LANGUAGE_STANDARD = "gnu++20";
				CLANG_ENABLE_MODULES = YES;
				CLANG_ENABLE_OBJC_ARC = YES;
				CLANG_ENABLE_OBJC_WEAK = YES;
				CLANG_WARN_BLOCK_CAPTURE_AUTORELEASING = YES;
				CLANG_WARN_BOOL_CONVERSION = YES;
				CLANG_WARN_COMMA = YES;
				CLANG_WARN_CONSTANT_CONVERSION = YES;
				CLANG_WARN_DEPRECATED_OBJC_IMPLEMENTATIONS = YES;
				CLANG_WARN_DIRECT_OBJC_ISA_USAGE = YES_ERROR;
				CLANG_WARN_DOCUMENTATION_COMMENTS = YES;
				CLANG_WARN_EMPTY_BODY = YES;
				CLANG_WARN_ENUM_CONVERSION = YES;
				CLANG_WARN_INFINITE_RECURSION = YES;
				CLANG_WARN_INT_CONVERSION = YES;
				CLANG_WARN_NON_LITERAL_NULL_CONVERSION = YES;
				CLANG_WARN_OBJC_IMPLICIT_RETAIN_SELF = YES;
				CLANG_WARN_OBJC_LITERAL_CONVERSION = YES;
				CLANG_WARN_OBJC_ROOT_CLASS = YES_ERROR;
				CLANG_WARN_QUOTED_INCLUDE_IN_FRAMEWORK_HEADER = YES;
				CLANG_WARN_RANGE_LOOP_ANALYSIS = YES;
				CLANG_WARN_STRICT_PROTOTYPES = YES;
				CLANG_WARN_SUSPICIOUS_MOVE = YES;
				CLANG_WARN_UNGUARDED_AVAILABILITY = YES_AGGRESSIVE;
				CLANG_WARN_UNREACHABLE_CODE = YES;
				CLANG_WARN__DUPLICATE_METHOD_MATCH = YES;
				COPY_PHASE_STRIP = NO;
				DEBUG_INFORMATION_FORMAT = "dwarf-with-dsym";
				DEVELOPMENT_TEAM = FYT366469V;
				ENABLE_NS_ASSERTIONS = NO;
				ENABLE_STRICT_OBJC_MSGSEND = YES;
				ENABLE_USER_SCRIPT_SANDBOXING = YES;
				GCC_C_LANGUAGE_STANDARD = gnu17;
				GCC_NO_COMMON_BLOCKS = YES;
				GCC_WARN_64_TO_32_BIT_CONVERSION = YES;
				GCC_WARN_ABOUT_RETURN_TYPE = YES_ERROR;
				GCC_WARN_UNDECLARED_SELECTOR = YES;
				GCC_WARN_UNINITIALIZED_AUTOS = YES_AGGRESSIVE;
				GCC_WARN_UNUSED_FUNCTION = YES;
				GCC_WARN_UNUSED_VARIABLE = YES;
				LOCALIZATION_PREFERS_STRING_CATALOGS = YES;
				MACOSX_DEPLOYMENT_TARGET = 15.5;
				MTL_ENABLE_DEBUG_INFO = NO;
				MTL_FAST_MATH = YES;
				SDKROOT = macosx;
				SWIFT_COMPILATION_MODE = wholemodule;
			};
			name = Release;
		};
		790799932E4507BB004D9D1A /* Debug */ = {
			isa = XCBuildConfiguration;
			buildSettings = {
				ASSETCATALOG_COMPILER_APPICON_NAME = AppIcon;
				ASSETCATALOG_COMPILER_GLOBAL_ACCENT_COLOR_NAME = AccentColor;
				CODE_SIGN_ENTITLEMENTS = XcodePAI/XcodePAI.entitlements;
				CODE_SIGN_STYLE = Automatic;
				COMBINE_HIDPI_IMAGES = YES;
				CURRENT_PROJECT_VERSION = 1;
				DEVELOPMENT_TEAM = FYT366469V;
				ENABLE_HARDENED_RUNTIME = YES;
				ENABLE_PREVIEWS = YES;
				GENERATE_INFOPLIST_FILE = YES;
				INFOPLIST_KEY_NSHumanReadableCopyright = "";
				LD_RUNPATH_SEARCH_PATHS = (
					"$(inherited)",
					"@executable_path/../Frameworks",
				);
				MARKETING_VERSION = 1.0;
				PRODUCT_BUNDLE_IDENTIFIER = com.R3Studio.XcodePAI;
				PRODUCT_NAME = "$(TARGET_NAME)";
				REGISTER_APP_GROUPS = YES;
				SWIFT_EMIT_LOC_STRINGS = YES;
				SWIFT_VERSION = 5.0;
			};
			name = Debug;
		};
		790799942E4507BB004D9D1A /* Release */ = {
			isa = XCBuildConfiguration;
			buildSettings = {
				ASSETCATALOG_COMPILER_APPICON_NAME = AppIcon;
				ASSETCATALOG_COMPILER_GLOBAL_ACCENT_COLOR_NAME = AccentColor;
				CODE_SIGN_ENTITLEMENTS = XcodePAI/XcodePAI.entitlements;
				CODE_SIGN_STYLE = Automatic;
				COMBINE_HIDPI_IMAGES = YES;
				CURRENT_PROJECT_VERSION = 1;
				DEVELOPMENT_TEAM = FYT366469V;
				ENABLE_HARDENED_RUNTIME = YES;
				ENABLE_PREVIEWS = YES;
				GENERATE_INFOPLIST_FILE = YES;
				INFOPLIST_KEY_NSHumanReadableCopyright = "";
				LD_RUNPATH_SEARCH_PATHS = (
					"$(inherited)",
					"@executable_path/../Frameworks",
				);
				MARKETING_VERSION = 1.0;
				PRODUCT_BUNDLE_IDENTIFIER = com.R3Studio.XcodePAI;
				PRODUCT_NAME = "$(TARGET_NAME)";
				REGISTER_APP_GROUPS = YES;
				SWIFT_EMIT_LOC_STRINGS = YES;
				SWIFT_VERSION = 5.0;
			};
			name = Release;
		};
/* End XCBuildConfiguration section */

/* Begin XCConfigurationList section */
		790799812E4507BA004D9D1A /* Build configuration list for PBXProject "XcodePAI" */ = {
			isa = XCConfigurationList;
			buildConfigurations = (
				790799902E4507BB004D9D1A /* Debug */,
				790799912E4507BB004D9D1A /* Release */,
			);
			defaultConfigurationIsVisible = 0;
			defaultConfigurationName = Release;
		};
		790799922E4507BB004D9D1A /* Build configuration list for PBXNativeTarget "XcodePAI" */ = {
			isa = XCConfigurationList;
			buildConfigurations = (
				790799932E4507BB004D9D1A /* Debug */,
				790799942E4507BB004D9D1A /* Release */,
			);
			defaultConfigurationIsVisible = 0;
			defaultConfigurationName = Release;
		};
/* End XCConfigurationList section */
	};
	rootObject = 7907997E2E4507BA004D9D1A /* Project object */;
}
