// !$*UTF8*$!
{
	archiveVersion = 1;
	classes = {
	};
	objectVersion = 77;
	objects = {

/* Begin PBXBuildFile section */
		3385C1FD2E4C79A8005C4210 /* ModelProviderEditView.swift in Sources */ = {isa = PBXBuildFile; fileRef = 3385C1FC2E4C79A3005C4210 /* ModelProviderEditView.swift */; };
		790799A62E471FEA004D9D1A /* ChatProxy.swift in Sources */ = {isa = PBXBuildFile; fileRef = 7907999D2E471FEA004D9D1A /* ChatProxy.swift */; };
		790799A92E471FEA004D9D1A /* XcodePAIApp.swift in Sources */ = {isa = PBXBuildFile; fileRef = 790799A42E471FEA004D9D1A /* XcodePAIApp.swift */; };
		790799AA2E471FEA004D9D1A /* Assets.xcassets in Resources */ = {isa = PBXBuildFile; fileRef = 790799A12E471FEA004D9D1A /* Assets.xcassets */; };
		790799AC2E471FFF004D9D1A /* LLMModel.swift in Sources */ = {isa = PBXBuildFile; fileRef = 790799AB2E471FF8004D9D1A /* LLMModel.swift */; };
		790799AF2E47204C004D9D1A /* Constraint.swift in Sources */ = {isa = PBXBuildFile; fileRef = 790799AE2E472049004D9D1A /* Constraint.swift */; };
		790799B22E4873B7004D9D1A /* TCPServer.swift in Sources */ = {isa = PBXBuildFile; fileRef = 790799B12E4873A7004D9D1A /* TCPServer.swift */; };
		790799B42E487E08004D9D1A /* TCPConnection.swift in Sources */ = {isa = PBXBuildFile; fileRef = 790799B32E487E05004D9D1A /* TCPConnection.swift */; };
		790799B62E487F83004D9D1A /* HTTPConnection.swift in Sources */ = {isa = PBXBuildFile; fileRef = 790799B52E487F7E004D9D1A /* HTTPConnection.swift */; };
		790799B82E489106004D9D1A /* ChatProxyTunnel.swift in Sources */ = {isa = PBXBuildFile; fileRef = 790799B72E4890FC004D9D1A /* ChatProxyTunnel.swift */; };
		790799BA2E48932C004D9D1A /* Extensions.swift in Sources */ = {isa = PBXBuildFile; fileRef = 790799B92E489328004D9D1A /* Extensions.swift */; };
		790799BE2E48B6BD004D9D1A /* HTTPClient.swift in Sources */ = {isa = PBXBuildFile; fileRef = 790799BD2E48B6B8004D9D1A /* HTTPClient.swift */; };
		790799C02E48B833004D9D1A /* HTTPSSEClient.swift in Sources */ = {isa = PBXBuildFile; fileRef = 790799BF2E48B82E004D9D1A /* HTTPSSEClient.swift */; };
		790799C22E48BC74004D9D1A /* LLMRequest.swift in Sources */ = {isa = PBXBuildFile; fileRef = 790799C12E48BC71004D9D1A /* LLMRequest.swift */; };
		790799C42E48D914004D9D1A /* LLMResponse.swift in Sources */ = {isa = PBXBuildFile; fileRef = 790799C32E48D911004D9D1A /* LLMResponse.swift */; };
		790799C72E48F624004D9D1A /* LLMClient.swift in Sources */ = {isa = PBXBuildFile; fileRef = 790799C62E48F61D004D9D1A /* LLMClient.swift */; };
		790799C92E48F688004D9D1A /* LLMModelProvider.swift in Sources */ = {isa = PBXBuildFile; fileRef = 790799C82E48F683004D9D1A /* LLMModelProvider.swift */; };
		790799E02E4A3433004D9D1A /* SettingsView.swift in Sources */ = {isa = PBXBuildFile; fileRef = 790799DF2E4A342E004D9D1A /* SettingsView.swift */; };
		790799E32E4A36D1004D9D1A /* GeneralSettingSectionView.swift in Sources */ = {isa = PBXBuildFile; fileRef = 790799E22E4A36C8004D9D1A /* GeneralSettingSectionView.swift */; };
		790799E72E4A3ED4004D9D1A /* ChatProxySettingSectionView.swift in Sources */ = {isa = PBXBuildFile; fileRef = 790799E62E4A3ECA004D9D1A /* ChatProxySettingSectionView.swift */; };
		790799E92E4A5665004D9D1A /* MenuBarView.swift in Sources */ = {isa = PBXBuildFile; fileRef = 790799E82E4A565E004D9D1A /* MenuBarView.swift */; };
		790799EB2E4A5868004D9D1A /* AppDelegate.swift in Sources */ = {isa = PBXBuildFile; fileRef = 790799EA2E4A5864004D9D1A /* AppDelegate.swift */; };
		790799ED2E4B94B5004D9D1A /* LocalStorage.swift in Sources */ = {isa = PBXBuildFile; fileRef = 790799EC2E4B94B4004D9D1A /* LocalStorage.swift */; };
		790799F02E4BAE54004D9D1A /* AppIconView.swift in Sources */ = {isa = PBXBuildFile; fileRef = 790799EF2E4BAE50004D9D1A /* AppIconView.swift */; };
		790799F22E4BB5E2004D9D1A /* ModelProviderIconListView.swift in Sources */ = {isa = PBXBuildFile; fileRef = 790799F12E4BB5D7004D9D1A /* ModelProviderIconListView.swift */; };
		790799F42E4CD21D004D9D1A /* ModelProviderSettingView.swift in Sources */ = {isa = PBXBuildFile; fileRef = 790799F32E4CD21D004D9D1A /* ModelProviderSettingView.swift */; };
		790799F72E4CD562004D9D1A /* ModelProviderDetailView.swift in Sources */ = {isa = PBXBuildFile; fileRef = 790799F62E4CD561004D9D1A /* ModelProviderDetailView.swift */; };
		790799F92E4CE307004D9D1A /* LLMModelClient.swift in Sources */ = {isa = PBXBuildFile; fileRef = 790799F82E4CE300004D9D1A /* LLMModelClient.swift */; };
		790799FC2E4CF14F004D9D1A /* LoadingView.swift in Sources */ = {isa = PBXBuildFile; fileRef = 790799FB2E4CF14C004D9D1A /* LoadingView.swift */; };
		790799FE2E4CF7C0004D9D1A /* ModelAddView.swift in Sources */ = {isa = PBXBuildFile; fileRef = 790799FD2E4CF7B4004D9D1A /* ModelAddView.swift */; };
		79079A002E4CFE36004D9D1A /* ChatProxyBridge.swift in Sources */ = {isa = PBXBuildFile; fileRef = 790799FF2E4CFE31004D9D1A /* ChatProxyBridge.swift */; };
		79079A032E4E191D004D9D1A /* MCP in Frameworks */ = {isa = PBXBuildFile; productRef = 79079A022E4E191D004D9D1A /* MCP */; };
		79079A072E4F9449004D9D1A /* LLMMCPTool.swift in Sources */ = {isa = PBXBuildFile; fileRef = 79079A062E4F9449004D9D1A /* LLMMCPTool.swift */; };
		79079A082E4F9449004D9D1A /* LLMMCP.swift in Sources */ = {isa = PBXBuildFile; fileRef = 79079A052E4F9449004D9D1A /* LLMMCP.swift */; };
		79079A0A2E4F94FB004D9D1A /* Components.swift in Sources */ = {isa = PBXBuildFile; fileRef = 79079A092E4F94F9004D9D1A /* Components.swift */; };
		79079A0D2E4F95E8004D9D1A /* MCPSettingView.swift in Sources */ = {isa = PBXBuildFile; fileRef = 79079A0C2E4F95E3004D9D1A /* MCPSettingView.swift */; };
		79079A0F2E4F9B27004D9D1A /* MCPEditView.swift in Sources */ = {isa = PBXBuildFile; fileRef = 79079A0E2E4F9B23004D9D1A /* MCPEditView.swift */; };
		79079A112E4FB78C004D9D1A /* MCPDetailView.swift in Sources */ = {isa = PBXBuildFile; fileRef = 79079A102E4FB786004D9D1A /* MCPDetailView.swift */; };
		79079A142E4FBD7E004D9D1A /* ModelProviderManager.swift in Sources */ = {isa = PBXBuildFile; fileRef = 79079A132E4FBD7D004D9D1A /* ModelProviderManager.swift */; };
		79079A162E4FBD95004D9D1A /* ModelManager.swift in Sources */ = {isa = PBXBuildFile; fileRef = 79079A152E4FBD95004D9D1A /* ModelManager.swift */; };
		79079A182E4FBDAB004D9D1A /* MCPManager.swift in Sources */ = {isa = PBXBuildFile; fileRef = 79079A172E4FBDAA004D9D1A /* MCPManager.swift */; };
		79079A1A2E4FBDBE004D9D1A /* MCPToolManager.swift in Sources */ = {isa = PBXBuildFile; fileRef = 79079A192E4FBDBD004D9D1A /* MCPToolManager.swift */; };
		79079A1C2E50D146004D9D1A /* PromptTemplate.swift in Sources */ = {isa = PBXBuildFile; fileRef = 79079A1B2E50D144004D9D1A /* PromptTemplate.swift */; };
		79079A1E2E50F452004D9D1A /* LLMMCPToolUse.swift in Sources */ = {isa = PBXBuildFile; fileRef = 79079A1D2E50F44C004D9D1A /* LLMMCPToolUse.swift */; };
		79079A202E51C116004D9D1A /* MCPRunner.swift in Sources */ = {isa = PBXBuildFile; fileRef = 79079A1F2E51C114004D9D1A /* MCPRunner.swift */; };
		79079A252E54B275004D9D1A /* SettingsWindow.swift in Sources */ = {isa = PBXBuildFile; fileRef = 79079A242E54B275004D9D1A /* SettingsWindow.swift */; };
		79079A272E54BFC0004D9D1A /* StorageManager.swift in Sources */ = {isa = PBXBuildFile; fileRef = 79079A262E54BFBA004D9D1A /* StorageManager.swift */; };
		7932600F2E675B800017E87F /* XcodeKit.framework in Frameworks */ = {isa = PBXBuildFile; fileRef = 79F743112E672E1200C35D1B /* XcodeKit.framework */; };
		793260102E675B800017E87F /* XcodeKit.framework in Embed Frameworks */ = {isa = PBXBuildFile; fileRef = 79F743112E672E1200C35D1B /* XcodeKit.framework */; settings = {ATTRIBUTES = (CodeSignOnCopy, RemoveHeadersOnCopy, ); }; };
		7932602B2E689FEB0017E87F /* GetSuggestionsCommand.swift in Sources */ = {isa = PBXBuildFile; fileRef = 793260242E689FEB0017E87F /* GetSuggestionsCommand.swift */; };
		7932602D2E689FEB0017E87F /* RejectSuggestionCommand.swift in Sources */ = {isa = PBXBuildFile; fileRef = 793260282E689FEB0017E87F /* RejectSuggestionCommand.swift */; };
		7932602E2E689FEB0017E87F /* NextSuggestionCommand.swift in Sources */ = {isa = PBXBuildFile; fileRef = 793260252E689FEB0017E87F /* NextSuggestionCommand.swift */; };
		7932602F2E689FEB0017E87F /* ToggleRealtimeSuggestionsCommand.swift in Sources */ = {isa = PBXBuildFile; fileRef = 793260292E689FEB0017E87F /* ToggleRealtimeSuggestionsCommand.swift */; };
		793260302E689FEB0017E87F /* PreviousSuggestionCommand.swift in Sources */ = {isa = PBXBuildFile; fileRef = 793260272E689FEB0017E87F /* PreviousSuggestionCommand.swift */; };
		793260322E68AC070017E87F /* MainAppService in Frameworks */ = {isa = PBXBuildFile; productRef = 793260312E68AC070017E87F /* MainAppService */; };
		795A74402E6F3CD000F4BA1E /* Localizable.xcstrings in Resources */ = {isa = PBXBuildFile; fileRef = 795A743F2E6F3CD000F4BA1E /* Localizable.xcstrings */; };
		795A74422E6F43D300F4BA1E /* LanguageManager.swift in Sources */ = {isa = PBXBuildFile; fileRef = 795A74412E6F43D200F4BA1E /* LanguageManager.swift */; };
		795A74452E6F4ACF00F4BA1E /* PluginProtocol.swift in Sources */ = {isa = PBXBuildFile; fileRef = 795A74442E6F4AC700F4BA1E /* PluginProtocol.swift */; };
		795A74472E6F4DDE00F4BA1E /* PluginManager.swift in Sources */ = {isa = PBXBuildFile; fileRef = 795A74462E6F4DDA00F4BA1E /* PluginManager.swift */; };
		795A744A2E6F53A300F4BA1E /* PluginSettingSectionView.swift in Sources */ = {isa = PBXBuildFile; fileRef = 795A74492E6F539C00F4BA1E /* PluginSettingSectionView.swift */; };
		795A744C2E6F5A4000F4BA1E /* PluginDetailView.swift in Sources */ = {isa = PBXBuildFile; fileRef = 795A744B2E6F5A3600F4BA1E /* PluginDetailView.swift */; };
		79BB48442E9E9EB5002F2255 /* ObjcAnalysis.swift in Sources */ = {isa = PBXBuildFile; fileRef = 79BB48432E9E9EB0002F2255 /* ObjcAnalysis.swift */; };
		79BB48462E9E9EC5002F2255 /* SourceAnalysisShared.swift in Sources */ = {isa = PBXBuildFile; fileRef = 79BB48452E9E9EC2002F2255 /* SourceAnalysisShared.swift */; };
		79BB48482E9E9F00002F2255 /* SwiftAnalysis.swift in Sources */ = {isa = PBXBuildFile; fileRef = 79BB48472E9E9EFD002F2255 /* SwiftAnalysis.swift */; };
		79BB484A2E9E9F12002F2255 /* SourceCutter.swift in Sources */ = {isa = PBXBuildFile; fileRef = 79BB48492E9E9F0F002F2255 /* SourceCutter.swift */; };
		79CFC6AB2E69EB1900367E78 /* SyncTextSettingsCommand.swift in Sources */ = {isa = PBXBuildFile; fileRef = 79CFC6AA2E69EB1900367E78 /* SyncTextSettingsCommand.swift */; };
		79CFC6AE2E69FCD400367E78 /* CoroutineHTTPClient.swift in Sources */ = {isa = PBXBuildFile; fileRef = 79CFC6AD2E69FCCB00367E78 /* CoroutineHTTPClient.swift */; };
		79CFC6B02E6A0CE300367E78 /* PartialSuggestion.swift in Sources */ = {isa = PBXBuildFile; fileRef = 79CFC6AF2E6A0CCA00367E78 /* PartialSuggestion.swift */; };
		79CFC6B42E6B3EE900367E78 /* LLMCompletionClient.swift in Sources */ = {isa = PBXBuildFile; fileRef = 79CFC6B32E6B3EE200367E78 /* LLMCompletionClient.swift */; };
		79CFC6B82E6B53BA00367E78 /* PrefixSuffixSuggestion.swift in Sources */ = {isa = PBXBuildFile; fileRef = 79CFC6B72E6B53AF00367E78 /* PrefixSuffixSuggestion.swift */; };
		79CFC6DE2E6C8C1B00367E78 /* CompletionSettingSectionView.swift in Sources */ = {isa = PBXBuildFile; fileRef = 79CFC6DD2E6C8C1200367E78 /* CompletionSettingSectionView.swift */; };
		79CFC6E02E6C8CEA00367E78 /* Utils.swift in Sources */ = {isa = PBXBuildFile; fileRef = 79CFC6DF2E6C8CE700367E78 /* Utils.swift */; };
		79CFC6E22E6D546800367E78 /* CompletionEditView.swift in Sources */ = {isa = PBXBuildFile; fileRef = 79CFC6E12E6D546200367E78 /* CompletionEditView.swift */; };
		79CFC6E42E6D548900367E78 /* LLMCompletionConfig.swift in Sources */ = {isa = PBXBuildFile; fileRef = 79CFC6E32E6D548300367E78 /* LLMCompletionConfig.swift */; };
		79CFC6E62E6D73CA00367E78 /* LLMCompletionConfigManager.swift in Sources */ = {isa = PBXBuildFile; fileRef = 79CFC6E52E6D73C400367E78 /* LLMCompletionConfigManager.swift */; };
		79CFC6E82E6DB20B00367E78 /* SuggestionTester.swift in Sources */ = {isa = PBXBuildFile; fileRef = 79CFC6E72E6DB20400367E78 /* SuggestionTester.swift */; };
		79CFC6FE2E6DCF8900367E78 /* CompletionDisabledLanguageList.swift in Sources */ = {isa = PBXBuildFile; fileRef = 79CFC6FD2E6DCF8200367E78 /* CompletionDisabledLanguageList.swift */; };
		79CFC7002E6DD93B00367E78 /* AboutSettingSectionView.swift in Sources */ = {isa = PBXBuildFile; fileRef = 79CFC6FF2E6DD93500367E78 /* AboutSettingSectionView.swift */; };
		79F28F322E5CD62500F71A28 /* LLMConfig.swift in Sources */ = {isa = PBXBuildFile; fileRef = 79F28F312E5CD61C00F71A28 /* LLMConfig.swift */; };
		79F28F342E5E187100F71A28 /* Configer.swift in Sources */ = {isa = PBXBuildFile; fileRef = 79F28F332E5E186800F71A28 /* Configer.swift */; };
		79F28F372E5E243C00F71A28 /* ChatProxyEditView.swift in Sources */ = {isa = PBXBuildFile; fileRef = 79F28F362E5E243100F71A28 /* ChatProxyEditView.swift */; };
		79F743072E65E8E800C35D1B /* LLMConfigManager.swift in Sources */ = {isa = PBXBuildFile; fileRef = 79F743062E65E8E400C35D1B /* LLMConfigManager.swift */; };
		79F743102E672E1200C35D1B /* Cocoa.framework in Frameworks */ = {isa = PBXBuildFile; fileRef = 79F7430F2E672E1200C35D1B /* Cocoa.framework */; };
		79F743292E672E2700C35D1B /* SourceEditorExtension.swift in Sources */ = {isa = PBXBuildFile; fileRef = 79F743252E672E2700C35D1B /* SourceEditorExtension.swift */; };
		79F7432F2E67325E00C35D1B /* Helpers.swift in Sources */ = {isa = PBXBuildFile; fileRef = 79F7432E2E67325A00C35D1B /* Helpers.swift */; };
		79F743332E6735CC00C35D1B /* AcceptSuggestionCommand.swift in Sources */ = {isa = PBXBuildFile; fileRef = 79F743322E6735CB00C35D1B /* AcceptSuggestionCommand.swift */; };
		79F743342E674E6200C35D1B /* EditExtension.appex in Embed Foundation Extensions */ = {isa = PBXBuildFile; fileRef = 79F7430D2E672E1200C35D1B /* EditExtension.appex */; settings = {ATTRIBUTES = (RemoveHeadersOnCopy, ); }; };
		79F743362E674EA000C35D1B /* EditExtensionService in Frameworks */ = {isa = PBXBuildFile; productRef = 79F743352E674EA000C35D1B /* EditExtensionService */; };
/* End PBXBuildFile section */

/* Begin PBXContainerItemProxy section */
		79F7431A2E672E1200C35D1B /* PBXContainerItemProxy */ = {
			isa = PBXContainerItemProxy;
			containerPortal = 7907997E2E4507BA004D9D1A /* Project object */;
			proxyType = 1;
			remoteGlobalIDString = 79F7430C2E672E1200C35D1B;
			remoteInfo = EditExtension;
		};
/* End PBXContainerItemProxy section */

/* Begin PBXCopyFilesBuildPhase section */
		793260112E675B800017E87F /* Embed Frameworks */ = {
			isa = PBXCopyFilesBuildPhase;
			buildActionMask = 2147483647;
			dstPath = "";
			dstSubfolderSpec = 10;
			files = (
				793260102E675B800017E87F /* XcodeKit.framework in Embed Frameworks */,
			);
			name = "Embed Frameworks";
			runOnlyForDeploymentPostprocessing = 0;
		};
		79F743212E672E1200C35D1B /* Embed Foundation Extensions */ = {
			isa = PBXCopyFilesBuildPhase;
			buildActionMask = 2147483647;
			dstPath = "";
			dstSubfolderSpec = 13;
			files = (
				79F743342E674E6200C35D1B /* EditExtension.appex in Embed Foundation Extensions */,
			);
			name = "Embed Foundation Extensions";
			runOnlyForDeploymentPostprocessing = 0;
		};
/* End PBXCopyFilesBuildPhase section */

/* Begin PBXFileReference section */
		3385C1FC2E4C79A3005C4210 /* ModelProviderEditView.swift */ = {isa = PBXFileReference; lastKnownFileType = sourcecode.swift; path = ModelProviderEditView.swift; sourceTree = "<group>"; };
		790799862E4507BA004D9D1A /* XcodePaI Dev.app */ = {isa = PBXFileReference; explicitFileType = wrapper.application; includeInIndex = 0; path = "XcodePaI Dev.app"; sourceTree = BUILT_PRODUCTS_DIR; };
		7907999D2E471FEA004D9D1A /* ChatProxy.swift */ = {isa = PBXFileReference; lastKnownFileType = sourcecode.swift; path = ChatProxy.swift; sourceTree = "<group>"; };
		790799A12E471FEA004D9D1A /* Assets.xcassets */ = {isa = PBXFileReference; lastKnownFileType = folder.assetcatalog; path = Assets.xcassets; sourceTree = "<group>"; };
		790799A32E471FEA004D9D1A /* XcodePAI.entitlements */ = {isa = PBXFileReference; lastKnownFileType = text.plist.entitlements; path = XcodePAI.entitlements; sourceTree = "<group>"; };
		790799A42E471FEA004D9D1A /* XcodePAIApp.swift */ = {isa = PBXFileReference; lastKnownFileType = sourcecode.swift; path = XcodePAIApp.swift; sourceTree = "<group>"; };
		790799AB2E471FF8004D9D1A /* LLMModel.swift */ = {isa = PBXFileReference; lastKnownFileType = sourcecode.swift; path = LLMModel.swift; sourceTree = "<group>"; };
		790799AE2E472049004D9D1A /* Constraint.swift */ = {isa = PBXFileReference; lastKnownFileType = sourcecode.swift; path = Constraint.swift; sourceTree = "<group>"; };
		790799B12E4873A7004D9D1A /* TCPServer.swift */ = {isa = PBXFileReference; lastKnownFileType = sourcecode.swift; path = TCPServer.swift; sourceTree = "<group>"; };
		790799B32E487E05004D9D1A /* TCPConnection.swift */ = {isa = PBXFileReference; lastKnownFileType = sourcecode.swift; path = TCPConnection.swift; sourceTree = "<group>"; };
		790799B52E487F7E004D9D1A /* HTTPConnection.swift */ = {isa = PBXFileReference; lastKnownFileType = sourcecode.swift; path = HTTPConnection.swift; sourceTree = "<group>"; };
		790799B72E4890FC004D9D1A /* ChatProxyTunnel.swift */ = {isa = PBXFileReference; lastKnownFileType = sourcecode.swift; path = ChatProxyTunnel.swift; sourceTree = "<group>"; };
		790799B92E489328004D9D1A /* Extensions.swift */ = {isa = PBXFileReference; lastKnownFileType = sourcecode.swift; path = Extensions.swift; sourceTree = "<group>"; };
		790799BD2E48B6B8004D9D1A /* HTTPClient.swift */ = {isa = PBXFileReference; lastKnownFileType = sourcecode.swift; path = HTTPClient.swift; sourceTree = "<group>"; };
		790799BF2E48B82E004D9D1A /* HTTPSSEClient.swift */ = {isa = PBXFileReference; lastKnownFileType = sourcecode.swift; path = HTTPSSEClient.swift; sourceTree = "<group>"; };
		790799C12E48BC71004D9D1A /* LLMRequest.swift */ = {isa = PBXFileReference; lastKnownFileType = sourcecode.swift; path = LLMRequest.swift; sourceTree = "<group>"; };
		790799C32E48D911004D9D1A /* LLMResponse.swift */ = {isa = PBXFileReference; lastKnownFileType = sourcecode.swift; path = LLMResponse.swift; sourceTree = "<group>"; };
		790799C62E48F61D004D9D1A /* LLMClient.swift */ = {isa = PBXFileReference; lastKnownFileType = sourcecode.swift; path = LLMClient.swift; sourceTree = "<group>"; };
		790799C82E48F683004D9D1A /* LLMModelProvider.swift */ = {isa = PBXFileReference; lastKnownFileType = sourcecode.swift; path = LLMModelProvider.swift; sourceTree = "<group>"; };
		790799DF2E4A342E004D9D1A /* SettingsView.swift */ = {isa = PBXFileReference; lastKnownFileType = sourcecode.swift; path = SettingsView.swift; sourceTree = "<group>"; };
		790799E22E4A36C8004D9D1A /* GeneralSettingSectionView.swift */ = {isa = PBXFileReference; lastKnownFileType = sourcecode.swift; path = GeneralSettingSectionView.swift; sourceTree = "<group>"; };
		790799E62E4A3ECA004D9D1A /* ChatProxySettingSectionView.swift */ = {isa = PBXFileReference; lastKnownFileType = sourcecode.swift; path = ChatProxySettingSectionView.swift; sourceTree = "<group>"; };
		790799E82E4A565E004D9D1A /* MenuBarView.swift */ = {isa = PBXFileReference; lastKnownFileType = sourcecode.swift; path = MenuBarView.swift; sourceTree = "<group>"; };
		790799EA2E4A5864004D9D1A /* AppDelegate.swift */ = {isa = PBXFileReference; lastKnownFileType = sourcecode.swift; path = AppDelegate.swift; sourceTree = "<group>"; };
		790799EC2E4B94B4004D9D1A /* LocalStorage.swift */ = {isa = PBXFileReference; lastKnownFileType = sourcecode.swift; path = LocalStorage.swift; sourceTree = "<group>"; };
		790799EF2E4BAE50004D9D1A /* AppIconView.swift */ = {isa = PBXFileReference; lastKnownFileType = sourcecode.swift; path = AppIconView.swift; sourceTree = "<group>"; };
		790799F12E4BB5D7004D9D1A /* ModelProviderIconListView.swift */ = {isa = PBXFileReference; lastKnownFileType = sourcecode.swift; path = ModelProviderIconListView.swift; sourceTree = "<group>"; };
		790799F32E4CD21D004D9D1A /* ModelProviderSettingView.swift */ = {isa = PBXFileReference; lastKnownFileType = sourcecode.swift; path = ModelProviderSettingView.swift; sourceTree = "<group>"; };
		790799F62E4CD561004D9D1A /* ModelProviderDetailView.swift */ = {isa = PBXFileReference; lastKnownFileType = sourcecode.swift; path = ModelProviderDetailView.swift; sourceTree = "<group>"; };
		790799F82E4CE300004D9D1A /* LLMModelClient.swift */ = {isa = PBXFileReference; lastKnownFileType = sourcecode.swift; path = LLMModelClient.swift; sourceTree = "<group>"; };
		790799FA2E4CE7A9004D9D1A /* Info.plist */ = {isa = PBXFileReference; lastKnownFileType = text.plist.xml; path = Info.plist; sourceTree = "<group>"; };
		790799FB2E4CF14C004D9D1A /* LoadingView.swift */ = {isa = PBXFileReference; lastKnownFileType = sourcecode.swift; path = LoadingView.swift; sourceTree = "<group>"; };
		790799FD2E4CF7B4004D9D1A /* ModelAddView.swift */ = {isa = PBXFileReference; lastKnownFileType = sourcecode.swift; path = ModelAddView.swift; sourceTree = "<group>"; };
		790799FF2E4CFE31004D9D1A /* ChatProxyBridge.swift */ = {isa = PBXFileReference; lastKnownFileType = sourcecode.swift; path = ChatProxyBridge.swift; sourceTree = "<group>"; };
		79079A052E4F9449004D9D1A /* LLMMCP.swift */ = {isa = PBXFileReference; lastKnownFileType = sourcecode.swift; path = LLMMCP.swift; sourceTree = "<group>"; };
		79079A062E4F9449004D9D1A /* LLMMCPTool.swift */ = {isa = PBXFileReference; lastKnownFileType = sourcecode.swift; path = LLMMCPTool.swift; sourceTree = "<group>"; };
		79079A092E4F94F9004D9D1A /* Components.swift */ = {isa = PBXFileReference; lastKnownFileType = sourcecode.swift; path = Components.swift; sourceTree = "<group>"; };
		79079A0C2E4F95E3004D9D1A /* MCPSettingView.swift */ = {isa = PBXFileReference; lastKnownFileType = sourcecode.swift; path = MCPSettingView.swift; sourceTree = "<group>"; };
		79079A0E2E4F9B23004D9D1A /* MCPEditView.swift */ = {isa = PBXFileReference; lastKnownFileType = sourcecode.swift; path = MCPEditView.swift; sourceTree = "<group>"; };
		79079A102E4FB786004D9D1A /* MCPDetailView.swift */ = {isa = PBXFileReference; lastKnownFileType = sourcecode.swift; path = MCPDetailView.swift; sourceTree = "<group>"; };
		79079A132E4FBD7D004D9D1A /* ModelProviderManager.swift */ = {isa = PBXFileReference; lastKnownFileType = sourcecode.swift; path = ModelProviderManager.swift; sourceTree = "<group>"; };
		79079A152E4FBD95004D9D1A /* ModelManager.swift */ = {isa = PBXFileReference; lastKnownFileType = sourcecode.swift; path = ModelManager.swift; sourceTree = "<group>"; };
		79079A172E4FBDAA004D9D1A /* MCPManager.swift */ = {isa = PBXFileReference; lastKnownFileType = sourcecode.swift; path = MCPManager.swift; sourceTree = "<group>"; };
		79079A192E4FBDBD004D9D1A /* MCPToolManager.swift */ = {isa = PBXFileReference; lastKnownFileType = sourcecode.swift; path = MCPToolManager.swift; sourceTree = "<group>"; };
		79079A1B2E50D144004D9D1A /* PromptTemplate.swift */ = {isa = PBXFileReference; lastKnownFileType = sourcecode.swift; path = PromptTemplate.swift; sourceTree = "<group>"; };
		79079A1D2E50F44C004D9D1A /* LLMMCPToolUse.swift */ = {isa = PBXFileReference; lastKnownFileType = sourcecode.swift; path = LLMMCPToolUse.swift; sourceTree = "<group>"; };
		79079A1F2E51C114004D9D1A /* MCPRunner.swift */ = {isa = PBXFileReference; lastKnownFileType = sourcecode.swift; path = MCPRunner.swift; sourceTree = "<group>"; };
		79079A242E54B275004D9D1A /* SettingsWindow.swift */ = {isa = PBXFileReference; lastKnownFileType = sourcecode.swift; path = SettingsWindow.swift; sourceTree = "<group>"; };
		79079A262E54BFBA004D9D1A /* StorageManager.swift */ = {isa = PBXFileReference; lastKnownFileType = sourcecode.swift; path = StorageManager.swift; sourceTree = "<group>"; };
		793260242E689FEB0017E87F /* GetSuggestionsCommand.swift */ = {isa = PBXFileReference; lastKnownFileType = sourcecode.swift; path = GetSuggestionsCommand.swift; sourceTree = "<group>"; };
		793260252E689FEB0017E87F /* NextSuggestionCommand.swift */ = {isa = PBXFileReference; lastKnownFileType = sourcecode.swift; path = NextSuggestionCommand.swift; sourceTree = "<group>"; };
		793260272E689FEB0017E87F /* PreviousSuggestionCommand.swift */ = {isa = PBXFileReference; lastKnownFileType = sourcecode.swift; path = PreviousSuggestionCommand.swift; sourceTree = "<group>"; };
		793260282E689FEB0017E87F /* RejectSuggestionCommand.swift */ = {isa = PBXFileReference; lastKnownFileType = sourcecode.swift; path = RejectSuggestionCommand.swift; sourceTree = "<group>"; };
		793260292E689FEB0017E87F /* ToggleRealtimeSuggestionsCommand.swift */ = {isa = PBXFileReference; lastKnownFileType = sourcecode.swift; path = ToggleRealtimeSuggestionsCommand.swift; sourceTree = "<group>"; };
		793260432E68B3BD0017E87F /* ThirdPartyTool */ = {isa = PBXFileReference; lastKnownFileType = wrapper; path = ThirdPartyTool; sourceTree = "<group>"; };
		795A743F2E6F3CD000F4BA1E /* Localizable.xcstrings */ = {isa = PBXFileReference; lastKnownFileType = text.json.xcstrings; path = Localizable.xcstrings; sourceTree = "<group>"; };
		795A74412E6F43D200F4BA1E /* LanguageManager.swift */ = {isa = PBXFileReference; lastKnownFileType = sourcecode.swift; path = LanguageManager.swift; sourceTree = "<group>"; };
		795A74442E6F4AC700F4BA1E /* PluginProtocol.swift */ = {isa = PBXFileReference; lastKnownFileType = sourcecode.swift; path = PluginProtocol.swift; sourceTree = "<group>"; };
		795A74462E6F4DDA00F4BA1E /* PluginManager.swift */ = {isa = PBXFileReference; lastKnownFileType = sourcecode.swift; path = PluginManager.swift; sourceTree = "<group>"; };
		795A74492E6F539C00F4BA1E /* PluginSettingSectionView.swift */ = {isa = PBXFileReference; lastKnownFileType = sourcecode.swift; path = PluginSettingSectionView.swift; sourceTree = "<group>"; };
		795A744B2E6F5A3600F4BA1E /* PluginDetailView.swift */ = {isa = PBXFileReference; lastKnownFileType = sourcecode.swift; path = PluginDetailView.swift; sourceTree = "<group>"; };
		7983E1CD2E6DFB800067CFA6 /* Debug.xcconfig */ = {isa = PBXFileReference; lastKnownFileType = text.xcconfig; path = Debug.xcconfig; sourceTree = "<group>"; };
		79BB48432E9E9EB0002F2255 /* ObjcAnalysis.swift */ = {isa = PBXFileReference; lastKnownFileType = sourcecode.swift; path = ObjcAnalysis.swift; sourceTree = "<group>"; };
		79BB48452E9E9EC2002F2255 /* SourceAnalysisShared.swift */ = {isa = PBXFileReference; lastKnownFileType = sourcecode.swift; path = SourceAnalysisShared.swift; sourceTree = "<group>"; };
		79BB48472E9E9EFD002F2255 /* SwiftAnalysis.swift */ = {isa = PBXFileReference; lastKnownFileType = sourcecode.swift; path = SwiftAnalysis.swift; sourceTree = "<group>"; };
		79BB48492E9E9F0F002F2255 /* SourceCutter.swift */ = {isa = PBXFileReference; lastKnownFileType = sourcecode.swift; path = SourceCutter.swift; sourceTree = "<group>"; };
		79CFC6AA2E69EB1900367E78 /* SyncTextSettingsCommand.swift */ = {isa = PBXFileReference; lastKnownFileType = sourcecode.swift; path = SyncTextSettingsCommand.swift; sourceTree = "<group>"; };
		79CFC6AD2E69FCCB00367E78 /* CoroutineHTTPClient.swift */ = {isa = PBXFileReference; lastKnownFileType = sourcecode.swift; path = CoroutineHTTPClient.swift; sourceTree = "<group>"; };
		79CFC6AF2E6A0CCA00367E78 /* PartialSuggestion.swift */ = {isa = PBXFileReference; lastKnownFileType = sourcecode.swift; path = PartialSuggestion.swift; sourceTree = "<group>"; };
		79CFC6B32E6B3EE200367E78 /* LLMCompletionClient.swift */ = {isa = PBXFileReference; lastKnownFileType = sourcecode.swift; path = LLMCompletionClient.swift; sourceTree = "<group>"; };
		79CFC6B72E6B53AF00367E78 /* PrefixSuffixSuggestion.swift */ = {isa = PBXFileReference; lastKnownFileType = sourcecode.swift; path = PrefixSuffixSuggestion.swift; sourceTree = "<group>"; };
		79CFC6DD2E6C8C1200367E78 /* CompletionSettingSectionView.swift */ = {isa = PBXFileReference; lastKnownFileType = sourcecode.swift; path = CompletionSettingSectionView.swift; sourceTree = "<group>"; };
		79CFC6DF2E6C8CE700367E78 /* Utils.swift */ = {isa = PBXFileReference; lastKnownFileType = sourcecode.swift; path = Utils.swift; sourceTree = "<group>"; };
		79CFC6E12E6D546200367E78 /* CompletionEditView.swift */ = {isa = PBXFileReference; lastKnownFileType = sourcecode.swift; path = CompletionEditView.swift; sourceTree = "<group>"; };
		79CFC6E32E6D548300367E78 /* LLMCompletionConfig.swift */ = {isa = PBXFileReference; lastKnownFileType = sourcecode.swift; path = LLMCompletionConfig.swift; sourceTree = "<group>"; };
		79CFC6E52E6D73C400367E78 /* LLMCompletionConfigManager.swift */ = {isa = PBXFileReference; lastKnownFileType = sourcecode.swift; path = LLMCompletionConfigManager.swift; sourceTree = "<group>"; };
		79CFC6E72E6DB20400367E78 /* SuggestionTester.swift */ = {isa = PBXFileReference; lastKnownFileType = sourcecode.swift; path = SuggestionTester.swift; sourceTree = "<group>"; };
		79CFC6FD2E6DCF8200367E78 /* CompletionDisabledLanguageList.swift */ = {isa = PBXFileReference; lastKnownFileType = sourcecode.swift; path = CompletionDisabledLanguageList.swift; sourceTree = "<group>"; };
		79CFC6FF2E6DD93500367E78 /* AboutSettingSectionView.swift */ = {isa = PBXFileReference; lastKnownFileType = sourcecode.swift; path = AboutSettingSectionView.swift; sourceTree = "<group>"; };
		79E631042E69E41A005BB62B /* ThirdPartyCore */ = {isa = PBXFileReference; lastKnownFileType = wrapper; path = ThirdPartyCore; sourceTree = "<group>"; };
		79F28F312E5CD61C00F71A28 /* LLMConfig.swift */ = {isa = PBXFileReference; lastKnownFileType = sourcecode.swift; path = LLMConfig.swift; sourceTree = "<group>"; };
		79F28F332E5E186800F71A28 /* Configer.swift */ = {isa = PBXFileReference; lastKnownFileType = sourcecode.swift; path = Configer.swift; sourceTree = "<group>"; };
		79F28F362E5E243100F71A28 /* ChatProxyEditView.swift */ = {isa = PBXFileReference; lastKnownFileType = sourcecode.swift; path = ChatProxyEditView.swift; sourceTree = "<group>"; };
		79F743062E65E8E400C35D1B /* LLMConfigManager.swift */ = {isa = PBXFileReference; lastKnownFileType = sourcecode.swift; path = LLMConfigManager.swift; sourceTree = "<group>"; };
		79F743082E67275000C35D1B /* Shared */ = {isa = PBXFileReference; lastKnownFileType = wrapper; path = Shared; sourceTree = "<group>"; };
		79F7430D2E672E1200C35D1B /* EditExtension.appex */ = {isa = PBXFileReference; explicitFileType = "wrapper.app-extension"; includeInIndex = 0; path = EditExtension.appex; sourceTree = BUILT_PRODUCTS_DIR; };
		79F7430F2E672E1200C35D1B /* Cocoa.framework */ = {isa = PBXFileReference; lastKnownFileType = wrapper.framework; name = Cocoa.framework; path = System/Library/Frameworks/Cocoa.framework; sourceTree = SDKROOT; };
		79F743112E672E1200C35D1B /* XcodeKit.framework */ = {isa = PBXFileReference; lastKnownFileType = wrapper.framework; name = XcodeKit.framework; path = Library/Frameworks/XcodeKit.framework; sourceTree = DEVELOPER_DIR; };
		79F743222E672E2700C35D1B /* EditExtension.entitlements */ = {isa = PBXFileReference; lastKnownFileType = text.plist.entitlements; path = EditExtension.entitlements; sourceTree = "<group>"; };
		79F743232E672E2700C35D1B /* Info.plist */ = {isa = PBXFileReference; lastKnownFileType = text.plist.xml; path = Info.plist; sourceTree = "<group>"; };
		79F743252E672E2700C35D1B /* SourceEditorExtension.swift */ = {isa = PBXFileReference; lastKnownFileType = sourcecode.swift; path = SourceEditorExtension.swift; sourceTree = "<group>"; };
		79F7432B2E672E9200C35D1B /* Config.xcconfig */ = {isa = PBXFileReference; lastKnownFileType = text.xcconfig; path = Config.xcconfig; sourceTree = "<group>"; };
		79F7432E2E67325A00C35D1B /* Helpers.swift */ = {isa = PBXFileReference; lastKnownFileType = sourcecode.swift; path = Helpers.swift; sourceTree = "<group>"; };
		79F743322E6735CB00C35D1B /* AcceptSuggestionCommand.swift */ = {isa = PBXFileReference; lastKnownFileType = sourcecode.swift; path = AcceptSuggestionCommand.swift; sourceTree = "<group>"; };
/* End PBXFileReference section */

/* Begin PBXFrameworksBuildPhase section */
		790799832E4507BA004D9D1A /* Frameworks */ = {
			isa = PBXFrameworksBuildPhase;
			buildActionMask = 2147483647;
			files = (
				79079A032E4E191D004D9D1A /* MCP in Frameworks */,
				793260322E68AC070017E87F /* MainAppService in Frameworks */,
			);
			runOnlyForDeploymentPostprocessing = 0;
		};
		79F7430A2E672E1200C35D1B /* Frameworks */ = {
			isa = PBXFrameworksBuildPhase;
			buildActionMask = 2147483647;
			files = (
				7932600F2E675B800017E87F /* XcodeKit.framework in Frameworks */,
				79F743362E674EA000C35D1B /* EditExtensionService in Frameworks */,
				79F743102E672E1200C35D1B /* Cocoa.framework in Frameworks */,
			);
			runOnlyForDeploymentPostprocessing = 0;
		};
/* End PBXFrameworksBuildPhase section */

/* Begin PBXGroup section */
		7907997D2E4507BA004D9D1A = {
			isa = PBXGroup;
			children = (
				79F7432B2E672E9200C35D1B /* Config.xcconfig */,
				7983E1CD2E6DFB800067CFA6 /* Debug.xcconfig */,
				793260432E68B3BD0017E87F /* ThirdPartyTool */,
				79E631042E69E41A005BB62B /* ThirdPartyCore */,
				79F743082E67275000C35D1B /* Shared */,
				790799A52E471FEA004D9D1A /* XcodePAI */,
				79F743262E672E2700C35D1B /* EditExtension */,
				79F7430E2E672E1200C35D1B /* Frameworks */,
				790799872E4507BA004D9D1A /* Products */,
			);
			sourceTree = "<group>";
		};
		790799872E4507BA004D9D1A /* Products */ = {
			isa = PBXGroup;
			children = (
				790799862E4507BA004D9D1A /* XcodePaI Dev.app */,
				79F7430D2E672E1200C35D1B /* EditExtension.appex */,
			);
			name = Products;
			sourceTree = "<group>";
		};
		7907999F2E471FEA004D9D1A /* ChatProxy */ = {
			isa = PBXGroup;
			children = (
				79BB48422E9E9E86002F2255 /* SourceAnalysis */,
				7907999D2E471FEA004D9D1A /* ChatProxy.swift */,
				790799B72E4890FC004D9D1A /* ChatProxyTunnel.swift */,
				790799FF2E4CFE31004D9D1A /* ChatProxyBridge.swift */,
			);
			path = ChatProxy;
			sourceTree = "<group>";
		};
		790799A02E471FEA004D9D1A /* Models */ = {
			isa = PBXGroup;
			children = (
				790799C82E48F683004D9D1A /* LLMModelProvider.swift */,
				790799AB2E471FF8004D9D1A /* LLMModel.swift */,
				790799C12E48BC71004D9D1A /* LLMRequest.swift */,
				790799C32E48D911004D9D1A /* LLMResponse.swift */,
				79079A052E4F9449004D9D1A /* LLMMCP.swift */,
				79079A062E4F9449004D9D1A /* LLMMCPTool.swift */,
				79079A1D2E50F44C004D9D1A /* LLMMCPToolUse.swift */,
				79F28F312E5CD61C00F71A28 /* LLMConfig.swift */,
				79CFC6E32E6D548300367E78 /* LLMCompletionConfig.swift */,
			);
			path = Models;
			sourceTree = "<group>";
		};
		790799A52E471FEA004D9D1A /* XcodePAI */ = {
			isa = PBXGroup;
			children = (
				790799DE2E4A32CC004D9D1A /* Views */,
				790799B02E487394004D9D1A /* Network */,
				79079A122E4FBD67004D9D1A /* Storage */,
				790799AD2E47203B004D9D1A /* Utils */,
				790799A02E471FEA004D9D1A /* Models */,
				79079A042E4E1930004D9D1A /* MCP */,
				7907999F2E471FEA004D9D1A /* ChatProxy */,
				79CFC6AC2E69FA6E00367E78 /* Completion */,
				795A74432E6F4AAF00F4BA1E /* Plugin */,
				790799A12E471FEA004D9D1A /* Assets.xcassets */,
				790799A32E471FEA004D9D1A /* XcodePAI.entitlements */,
				795A743F2E6F3CD000F4BA1E /* Localizable.xcstrings */,
				790799EA2E4A5864004D9D1A /* AppDelegate.swift */,
				790799A42E471FEA004D9D1A /* XcodePAIApp.swift */,
				790799FA2E4CE7A9004D9D1A /* Info.plist */,
			);
			path = XcodePAI;
			sourceTree = "<group>";
		};
		790799AD2E47203B004D9D1A /* Utils */ = {
			isa = PBXGroup;
			children = (
				79CFC6DF2E6C8CE700367E78 /* Utils.swift */,
				790799AE2E472049004D9D1A /* Constraint.swift */,
				79079A1B2E50D144004D9D1A /* PromptTemplate.swift */,
				790799B92E489328004D9D1A /* Extensions.swift */,
				790799EC2E4B94B4004D9D1A /* LocalStorage.swift */,
				795A74412E6F43D200F4BA1E /* LanguageManager.swift */,
			);
			path = Utils;
			sourceTree = "<group>";
		};
		790799B02E487394004D9D1A /* Network */ = {
			isa = PBXGroup;
			children = (
				790799BB2E48B68F004D9D1A /* Server */,
				790799BC2E48B699004D9D1A /* Client */,
				790799C52E48F60E004D9D1A /* LLM */,
			);
			path = Network;
			sourceTree = "<group>";
		};
		790799BB2E48B68F004D9D1A /* Server */ = {
			isa = PBXGroup;
			children = (
				790799B12E4873A7004D9D1A /* TCPServer.swift */,
				790799B32E487E05004D9D1A /* TCPConnection.swift */,
				790799B52E487F7E004D9D1A /* HTTPConnection.swift */,
			);
			path = Server;
			sourceTree = "<group>";
		};
		790799BC2E48B699004D9D1A /* Client */ = {
			isa = PBXGroup;
			children = (
				79CFC6AD2E69FCCB00367E78 /* CoroutineHTTPClient.swift */,
				790799BD2E48B6B8004D9D1A /* HTTPClient.swift */,
				790799BF2E48B82E004D9D1A /* HTTPSSEClient.swift */,
			);
			path = Client;
			sourceTree = "<group>";
		};
		790799C52E48F60E004D9D1A /* LLM */ = {
			isa = PBXGroup;
			children = (
				790799F82E4CE300004D9D1A /* LLMModelClient.swift */,
				79CFC6B32E6B3EE200367E78 /* LLMCompletionClient.swift */,
				790799C62E48F61D004D9D1A /* LLMClient.swift */,
			);
			path = LLM;
			sourceTree = "<group>";
		};
		790799DE2E4A32CC004D9D1A /* Views */ = {
			isa = PBXGroup;
			children = (
				790799EE2E4BAE3F004D9D1A /* Components */,
				790799E82E4A565E004D9D1A /* MenuBarView.swift */,
				790799E12E4A36AC004D9D1A /* SettingSectionViews */,
				790799DF2E4A342E004D9D1A /* SettingsView.swift */,
				79079A242E54B275004D9D1A /* SettingsWindow.swift */,
			);
			path = Views;
			sourceTree = "<group>";
		};
		790799E12E4A36AC004D9D1A /* SettingSectionViews */ = {
			isa = PBXGroup;
			children = (
				790799E22E4A36C8004D9D1A /* GeneralSettingSectionView.swift */,
				790799F52E4CD53D004D9D1A /* ModelProviderSetting */,
				79079A0B2E4F95B7004D9D1A /* MCPSetting */,
				79F28F352E5E241D00F71A28 /* ChatProxy */,
				79CFC6CD2E6C155D00367E78 /* Completion */,
				795A74482E6F530600F4BA1E /* Plugin */,
				79CFC6FF2E6DD93500367E78 /* AboutSettingSectionView.swift */,
			);
			path = SettingSectionViews;
			sourceTree = "<group>";
		};
		790799EE2E4BAE3F004D9D1A /* Components */ = {
			isa = PBXGroup;
			children = (
				79079A092E4F94F9004D9D1A /* Components.swift */,
				790799EF2E4BAE50004D9D1A /* AppIconView.swift */,
				790799FB2E4CF14C004D9D1A /* LoadingView.swift */,
			);
			path = Components;
			sourceTree = "<group>";
		};
		790799F52E4CD53D004D9D1A /* ModelProviderSetting */ = {
			isa = PBXGroup;
			children = (
				790799F32E4CD21D004D9D1A /* ModelProviderSettingView.swift */,
				790799F62E4CD561004D9D1A /* ModelProviderDetailView.swift */,
				3385C1FC2E4C79A3005C4210 /* ModelProviderEditView.swift */,
				790799F12E4BB5D7004D9D1A /* ModelProviderIconListView.swift */,
				790799FD2E4CF7B4004D9D1A /* ModelAddView.swift */,
			);
			path = ModelProviderSetting;
			sourceTree = "<group>";
		};
		79079A042E4E1930004D9D1A /* MCP */ = {
			isa = PBXGroup;
			children = (
				79079A1F2E51C114004D9D1A /* MCPRunner.swift */,
			);
			path = MCP;
			sourceTree = "<group>";
		};
		79079A0B2E4F95B7004D9D1A /* MCPSetting */ = {
			isa = PBXGroup;
			children = (
				79079A0C2E4F95E3004D9D1A /* MCPSettingView.swift */,
				79079A102E4FB786004D9D1A /* MCPDetailView.swift */,
				79079A0E2E4F9B23004D9D1A /* MCPEditView.swift */,
			);
			path = MCPSetting;
			sourceTree = "<group>";
		};
		79079A122E4FBD67004D9D1A /* Storage */ = {
			isa = PBXGroup;
			children = (
				79F28F332E5E186800F71A28 /* Configer.swift */,
				79079A262E54BFBA004D9D1A /* StorageManager.swift */,
				79079A132E4FBD7D004D9D1A /* ModelProviderManager.swift */,
				79079A152E4FBD95004D9D1A /* ModelManager.swift */,
				79079A172E4FBDAA004D9D1A /* MCPManager.swift */,
				79079A192E4FBDBD004D9D1A /* MCPToolManager.swift */,
				79F743062E65E8E400C35D1B /* LLMConfigManager.swift */,
				79CFC6E52E6D73C400367E78 /* LLMCompletionConfigManager.swift */,
			);
			path = Storage;
			sourceTree = "<group>";
		};
		795A74432E6F4AAF00F4BA1E /* Plugin */ = {
			isa = PBXGroup;
			children = (
				795A74442E6F4AC700F4BA1E /* PluginProtocol.swift */,
				795A74462E6F4DDA00F4BA1E /* PluginManager.swift */,
			);
			path = Plugin;
			sourceTree = "<group>";
		};
		795A74482E6F530600F4BA1E /* Plugin */ = {
			isa = PBXGroup;
			children = (
				795A74492E6F539C00F4BA1E /* PluginSettingSectionView.swift */,
				795A744B2E6F5A3600F4BA1E /* PluginDetailView.swift */,
			);
			path = Plugin;
			sourceTree = "<group>";
		};
		79BB48422E9E9E86002F2255 /* SourceAnalysis */ = {
			isa = PBXGroup;
			children = (
				79BB48492E9E9F0F002F2255 /* SourceCutter.swift */,
				79BB48452E9E9EC2002F2255 /* SourceAnalysisShared.swift */,
				79BB48432E9E9EB0002F2255 /* ObjcAnalysis.swift */,
				79BB48472E9E9EFD002F2255 /* SwiftAnalysis.swift */,
			);
			path = SourceAnalysis;
			sourceTree = "<group>";
		};
		79CFC6AC2E69FA6E00367E78 /* Completion */ = {
			isa = PBXGroup;
			children = (
				79CFC6B72E6B53AF00367E78 /* PrefixSuffixSuggestion.swift */,
				79CFC6AF2E6A0CCA00367E78 /* PartialSuggestion.swift */,
				79CFC6E72E6DB20400367E78 /* SuggestionTester.swift */,
			);
			path = Completion;
			sourceTree = "<group>";
		};
		79CFC6CD2E6C155D00367E78 /* Completion */ = {
			isa = PBXGroup;
			children = (
				79CFC6DD2E6C8C1200367E78 /* CompletionSettingSectionView.swift */,
				79CFC6E12E6D546200367E78 /* CompletionEditView.swift */,
				79CFC6FD2E6DCF8200367E78 /* CompletionDisabledLanguageList.swift */,
			);
			path = Completion;
			sourceTree = "<group>";
		};
		79F28F352E5E241D00F71A28 /* ChatProxy */ = {
			isa = PBXGroup;
			children = (
				790799E62E4A3ECA004D9D1A /* ChatProxySettingSectionView.swift */,
				79F28F362E5E243100F71A28 /* ChatProxyEditView.swift */,
			);
			path = ChatProxy;
			sourceTree = "<group>";
		};
		79F7430E2E672E1200C35D1B /* Frameworks */ = {
			isa = PBXGroup;
			children = (
				79F7430F2E672E1200C35D1B /* Cocoa.framework */,
				79F743112E672E1200C35D1B /* XcodeKit.framework */,
			);
			name = Frameworks;
			sourceTree = "<group>";
		};
		79F743262E672E2700C35D1B /* EditExtension */ = {
			isa = PBXGroup;
			children = (
				79F743252E672E2700C35D1B /* SourceEditorExtension.swift */,
				79F743322E6735CB00C35D1B /* AcceptSuggestionCommand.swift */,
				793260282E689FEB0017E87F /* RejectSuggestionCommand.swift */,
				793260242E689FEB0017E87F /* GetSuggestionsCommand.swift */,
				793260252E689FEB0017E87F /* NextSuggestionCommand.swift */,
				793260272E689FEB0017E87F /* PreviousSuggestionCommand.swift */,
				793260292E689FEB0017E87F /* ToggleRealtimeSuggestionsCommand.swift */,
				79CFC6AA2E69EB1900367E78 /* SyncTextSettingsCommand.swift */,
				79F7432E2E67325A00C35D1B /* Helpers.swift */,
				79F743222E672E2700C35D1B /* EditExtension.entitlements */,
				79F743232E672E2700C35D1B /* Info.plist */,
			);
			path = EditExtension;
			sourceTree = "<group>";
		};
/* End PBXGroup section */

/* Begin PBXNativeTarget section */
		790799852E4507BA004D9D1A /* XcodePAI */ = {
			isa = PBXNativeTarget;
			buildConfigurationList = 790799922E4507BB004D9D1A /* Build configuration list for PBXNativeTarget "XcodePAI" */;
			buildPhases = (
				790799822E4507BA004D9D1A /* Sources */,
				790799832E4507BA004D9D1A /* Frameworks */,
				790799842E4507BA004D9D1A /* Resources */,
				79F743212E672E1200C35D1B /* Embed Foundation Extensions */,
			);
			buildRules = (
			);
			dependencies = (
				79F7431B2E672E1200C35D1B /* PBXTargetDependency */,
			);
			name = XcodePAI;
			packageProductDependencies = (
				79079A022E4E191D004D9D1A /* MCP */,
				793260312E68AC070017E87F /* MainAppService */,
			);
			productName = XcodePAI;
			productReference = 790799862E4507BA004D9D1A /* XcodePaI Dev.app */;
			productType = "com.apple.product-type.application";
		};
		79F7430C2E672E1200C35D1B /* EditExtension */ = {
			isa = PBXNativeTarget;
			buildConfigurationList = 79F7431E2E672E1200C35D1B /* Build configuration list for PBXNativeTarget "EditExtension" */;
			buildPhases = (
				79F743092E672E1200C35D1B /* Sources */,
				79F7430A2E672E1200C35D1B /* Frameworks */,
				79F7430B2E672E1200C35D1B /* Resources */,
				793260112E675B800017E87F /* Embed Frameworks */,
			);
			buildRules = (
			);
			dependencies = (
			);
			name = EditExtension;
			packageProductDependencies = (
				79F743352E674EA000C35D1B /* EditExtensionService */,
			);
			productName = EditExtension;
			productReference = 79F7430D2E672E1200C35D1B /* EditExtension.appex */;
			productType = "com.apple.product-type.xcode-extension";
		};
/* End PBXNativeTarget section */

/* Begin PBXProject section */
		7907997E2E4507BA004D9D1A /* Project object */ = {
			isa = PBXProject;
			attributes = {
				BuildIndependentTargetsInParallel = 1;
				LastSwiftUpdateCheck = 1640;
				LastUpgradeCheck = 2600;
				TargetAttributes = {
					790799852E4507BA004D9D1A = {
						CreatedOnToolsVersion = 16.4;
					};
					79F7430C2E672E1200C35D1B = {
						CreatedOnToolsVersion = 16.4;
					};
				};
			};
			buildConfigurationList = 790799812E4507BA004D9D1A /* Build configuration list for PBXProject "XcodePAI" */;
			developmentRegion = en;
			hasScannedForEncodings = 0;
			knownRegions = (
				en,
				Base,
				"zh-Hans",
			);
			mainGroup = 7907997D2E4507BA004D9D1A;
			minimizedProjectReferenceProxies = 1;
			packageReferences = (
				79079A012E4E191D004D9D1A /* XCRemoteSwiftPackageReference "swift-sdk" */,
			);
			preferredProjectObjectVersion = 77;
			productRefGroup = 790799872E4507BA004D9D1A /* Products */;
			projectDirPath = "";
			projectRoot = "";
			targets = (
				790799852E4507BA004D9D1A /* XcodePAI */,
				79F7430C2E672E1200C35D1B /* EditExtension */,
			);
		};
/* End PBXProject section */

/* Begin PBXResourcesBuildPhase section */
		790799842E4507BA004D9D1A /* Resources */ = {
			isa = PBXResourcesBuildPhase;
			buildActionMask = 2147483647;
			files = (
				795A74402E6F3CD000F4BA1E /* Localizable.xcstrings in Resources */,
				790799AA2E471FEA004D9D1A /* Assets.xcassets in Resources */,
			);
			runOnlyForDeploymentPostprocessing = 0;
		};
		79F7430B2E672E1200C35D1B /* Resources */ = {
			isa = PBXResourcesBuildPhase;
			buildActionMask = 2147483647;
			files = (
			);
			runOnlyForDeploymentPostprocessing = 0;
		};
/* End PBXResourcesBuildPhase section */

/* Begin PBXSourcesBuildPhase section */
		790799822E4507BA004D9D1A /* Sources */ = {
			isa = PBXSourcesBuildPhase;
			buildActionMask = 2147483647;
			files = (
				790799EB2E4A5868004D9D1A /* AppDelegate.swift in Sources */,
				79CFC6FE2E6DCF8900367E78 /* CompletionDisabledLanguageList.swift in Sources */,
				79079A252E54B275004D9D1A /* SettingsWindow.swift in Sources */,
				79079A1C2E50D146004D9D1A /* PromptTemplate.swift in Sources */,
				790799C42E48D914004D9D1A /* LLMResponse.swift in Sources */,
				79CFC6B42E6B3EE900367E78 /* LLMCompletionClient.swift in Sources */,
				790799C22E48BC74004D9D1A /* LLMRequest.swift in Sources */,
				790799A62E471FEA004D9D1A /* ChatProxy.swift in Sources */,
				79CFC7002E6DD93B00367E78 /* AboutSettingSectionView.swift in Sources */,
				790799AC2E471FFF004D9D1A /* LLMModel.swift in Sources */,
				79079A1A2E4FBDBE004D9D1A /* MCPToolManager.swift in Sources */,
				79079A1E2E50F452004D9D1A /* LLMMCPToolUse.swift in Sources */,
				790799E72E4A3ED4004D9D1A /* ChatProxySettingSectionView.swift in Sources */,
				79079A182E4FBDAB004D9D1A /* MCPManager.swift in Sources */,
				790799E32E4A36D1004D9D1A /* GeneralSettingSectionView.swift in Sources */,
				79079A272E54BFC0004D9D1A /* StorageManager.swift in Sources */,
				3385C1FD2E4C79A8005C4210 /* ModelProviderEditView.swift in Sources */,
				79F28F342E5E187100F71A28 /* Configer.swift in Sources */,
				79079A162E4FBD95004D9D1A /* ModelManager.swift in Sources */,
				790799F72E4CD562004D9D1A /* ModelProviderDetailView.swift in Sources */,
				79CFC6AE2E69FCD400367E78 /* CoroutineHTTPClient.swift in Sources */,
				79079A112E4FB78C004D9D1A /* MCPDetailView.swift in Sources */,
				790799F42E4CD21D004D9D1A /* ModelProviderSettingView.swift in Sources */,
				790799B82E489106004D9D1A /* ChatProxyTunnel.swift in Sources */,
				795A74472E6F4DDE00F4BA1E /* PluginManager.swift in Sources */,
				79F28F322E5CD62500F71A28 /* LLMConfig.swift in Sources */,
				79F28F372E5E243C00F71A28 /* ChatProxyEditView.swift in Sources */,
				79079A002E4CFE36004D9D1A /* ChatProxyBridge.swift in Sources */,
				790799E02E4A3433004D9D1A /* SettingsView.swift in Sources */,
				790799F92E4CE307004D9D1A /* LLMModelClient.swift in Sources */,
				790799ED2E4B94B5004D9D1A /* LocalStorage.swift in Sources */,
				790799E92E4A5665004D9D1A /* MenuBarView.swift in Sources */,
				790799C92E48F688004D9D1A /* LLMModelProvider.swift in Sources */,
				790799C02E48B833004D9D1A /* HTTPSSEClient.swift in Sources */,
				790799A92E471FEA004D9D1A /* XcodePAIApp.swift in Sources */,
				79CFC6E62E6D73CA00367E78 /* LLMCompletionConfigManager.swift in Sources */,
				79F743072E65E8E800C35D1B /* LLMConfigManager.swift in Sources */,
				790799BA2E48932C004D9D1A /* Extensions.swift in Sources */,
				795A74452E6F4ACF00F4BA1E /* PluginProtocol.swift in Sources */,
				795A74422E6F43D300F4BA1E /* LanguageManager.swift in Sources */,
				79079A142E4FBD7E004D9D1A /* ModelProviderManager.swift in Sources */,
				79079A202E51C116004D9D1A /* MCPRunner.swift in Sources */,
				790799F22E4BB5E2004D9D1A /* ModelProviderIconListView.swift in Sources */,
				790799BE2E48B6BD004D9D1A /* HTTPClient.swift in Sources */,
				795A744A2E6F53A300F4BA1E /* PluginSettingSectionView.swift in Sources */,
				790799F02E4BAE54004D9D1A /* AppIconView.swift in Sources */,
				79BB48442E9E9EB5002F2255 /* ObjcAnalysis.swift in Sources */,
				79CFC6B02E6A0CE300367E78 /* PartialSuggestion.swift in Sources */,
				79CFC6E02E6C8CEA00367E78 /* Utils.swift in Sources */,
				795A744C2E6F5A4000F4BA1E /* PluginDetailView.swift in Sources */,
				790799B62E487F83004D9D1A /* HTTPConnection.swift in Sources */,
				790799B22E4873B7004D9D1A /* TCPServer.swift in Sources */,
				79079A072E4F9449004D9D1A /* LLMMCPTool.swift in Sources */,
				79BB48482E9E9F00002F2255 /* SwiftAnalysis.swift in Sources */,
				79079A082E4F9449004D9D1A /* LLMMCP.swift in Sources */,
				79CFC6B82E6B53BA00367E78 /* PrefixSuffixSuggestion.swift in Sources */,
				79CFC6E22E6D546800367E78 /* CompletionEditView.swift in Sources */,
				79CFC6DE2E6C8C1B00367E78 /* CompletionSettingSectionView.swift in Sources */,
				790799FC2E4CF14F004D9D1A /* LoadingView.swift in Sources */,
				79BB484A2E9E9F12002F2255 /* SourceCutter.swift in Sources */,
				79CFC6E42E6D548900367E78 /* LLMCompletionConfig.swift in Sources */,
				79079A0F2E4F9B27004D9D1A /* MCPEditView.swift in Sources */,
				79BB48462E9E9EC5002F2255 /* SourceAnalysisShared.swift in Sources */,
				790799AF2E47204C004D9D1A /* Constraint.swift in Sources */,
				79079A0D2E4F95E8004D9D1A /* MCPSettingView.swift in Sources */,
				790799B42E487E08004D9D1A /* TCPConnection.swift in Sources */,
				790799FE2E4CF7C0004D9D1A /* ModelAddView.swift in Sources */,
				79CFC6E82E6DB20B00367E78 /* SuggestionTester.swift in Sources */,
				790799C72E48F624004D9D1A /* LLMClient.swift in Sources */,
				79079A0A2E4F94FB004D9D1A /* Components.swift in Sources */,
			);
			runOnlyForDeploymentPostprocessing = 0;
		};
		79F743092E672E1200C35D1B /* Sources */ = {
			isa = PBXSourcesBuildPhase;
			buildActionMask = 2147483647;
			files = (
				7932602B2E689FEB0017E87F /* GetSuggestionsCommand.swift in Sources */,
				7932602D2E689FEB0017E87F /* RejectSuggestionCommand.swift in Sources */,
				7932602E2E689FEB0017E87F /* NextSuggestionCommand.swift in Sources */,
				7932602F2E689FEB0017E87F /* ToggleRealtimeSuggestionsCommand.swift in Sources */,
				793260302E689FEB0017E87F /* PreviousSuggestionCommand.swift in Sources */,
				79F7432F2E67325E00C35D1B /* Helpers.swift in Sources */,
				79CFC6AB2E69EB1900367E78 /* SyncTextSettingsCommand.swift in Sources */,
				79F743292E672E2700C35D1B /* SourceEditorExtension.swift in Sources */,
				79F743332E6735CC00C35D1B /* AcceptSuggestionCommand.swift in Sources */,
			);
			runOnlyForDeploymentPostprocessing = 0;
		};
/* End PBXSourcesBuildPhase section */

/* Begin PBXTargetDependency section */
		79F7431B2E672E1200C35D1B /* PBXTargetDependency */ = {
			isa = PBXTargetDependency;
			target = 79F7430C2E672E1200C35D1B /* EditExtension */;
			targetProxy = 79F7431A2E672E1200C35D1B /* PBXContainerItemProxy */;
		};
/* End PBXTargetDependency section */

/* Begin XCBuildConfiguration section */
		790799902E4507BB004D9D1A /* Debug */ = {
			isa = XCBuildConfiguration;
			buildSettings = {
				ALWAYS_SEARCH_USER_PATHS = NO;
				ASSETCATALOG_COMPILER_GENERATE_SWIFT_ASSET_SYMBOL_EXTENSIONS = YES;
				CLANG_ANALYZER_NONNULL = YES;
				CLANG_ANALYZER_NUMBER_OBJECT_CONVERSION = YES_AGGRESSIVE;
				CLANG_CXX_LANGUAGE_STANDARD = "gnu++20";
				CLANG_ENABLE_MODULES = YES;
				CLANG_ENABLE_OBJC_ARC = YES;
				CLANG_ENABLE_OBJC_WEAK = YES;
				CLANG_WARN_BLOCK_CAPTURE_AUTORELEASING = YES;
				CLANG_WARN_BOOL_CONVERSION = YES;
				CLANG_WARN_COMMA = YES;
				CLANG_WARN_CONSTANT_CONVERSION = YES;
				CLANG_WARN_DEPRECATED_OBJC_IMPLEMENTATIONS = YES;
				CLANG_WARN_DIRECT_OBJC_ISA_USAGE = YES_ERROR;
				CLANG_WARN_DOCUMENTATION_COMMENTS = YES;
				CLANG_WARN_EMPTY_BODY = YES;
				CLANG_WARN_ENUM_CONVERSION = YES;
				CLANG_WARN_INFINITE_RECURSION = YES;
				CLANG_WARN_INT_CONVERSION = YES;
				CLANG_WARN_NON_LITERAL_NULL_CONVERSION = YES;
				CLANG_WARN_OBJC_IMPLICIT_RETAIN_SELF = YES;
				CLANG_WARN_OBJC_LITERAL_CONVERSION = YES;
				CLANG_WARN_OBJC_ROOT_CLASS = YES_ERROR;
				CLANG_WARN_QUOTED_INCLUDE_IN_FRAMEWORK_HEADER = YES;
				CLANG_WARN_RANGE_LOOP_ANALYSIS = YES;
				CLANG_WARN_STRICT_PROTOTYPES = YES;
				CLANG_WARN_SUSPICIOUS_MOVE = YES;
				CLANG_WARN_UNGUARDED_AVAILABILITY = YES_AGGRESSIVE;
				CLANG_WARN_UNREACHABLE_CODE = YES;
				CLANG_WARN__DUPLICATE_METHOD_MATCH = YES;
				COPY_PHASE_STRIP = NO;
				DEAD_CODE_STRIPPING = YES;
				DEBUG_INFORMATION_FORMAT = dwarf;
				DEVELOPMENT_TEAM = FYT366469V;
				ENABLE_STRICT_OBJC_MSGSEND = YES;
				ENABLE_TESTABILITY = YES;
				ENABLE_USER_SCRIPT_SANDBOXING = YES;
				GCC_C_LANGUAGE_STANDARD = gnu17;
				GCC_DYNAMIC_NO_PIC = NO;
				GCC_NO_COMMON_BLOCKS = YES;
				GCC_OPTIMIZATION_LEVEL = 0;
				GCC_PREPROCESSOR_DEFINITIONS = (
					"DEBUG=1",
					"$(inherited)",
				);
				GCC_WARN_64_TO_32_BIT_CONVERSION = YES;
				GCC_WARN_ABOUT_RETURN_TYPE = YES_ERROR;
				GCC_WARN_UNDECLARED_SELECTOR = YES;
				GCC_WARN_UNINITIALIZED_AUTOS = YES_AGGRESSIVE;
				GCC_WARN_UNUSED_FUNCTION = YES;
				GCC_WARN_UNUSED_VARIABLE = YES;
				LOCALIZATION_PREFERS_STRING_CATALOGS = YES;
				MACOSX_DEPLOYMENT_TARGET = 15.5;
				MTL_ENABLE_DEBUG_INFO = INCLUDE_SOURCE;
				MTL_FAST_MATH = YES;
				ONLY_ACTIVE_ARCH = YES;
				SDKROOT = macosx;
				STRING_CATALOG_GENERATE_SYMBOLS = YES;
				SWIFT_ACTIVE_COMPILATION_CONDITIONS = "DEBUG $(inherited)";
				SWIFT_EMIT_LOC_STRINGS = YES;
				SWIFT_OPTIMIZATION_LEVEL = "-Onone";
			};
			name = Debug;
		};
		790799912E4507BB004D9D1A /* Release */ = {
			isa = XCBuildConfiguration;
			buildSettings = {
				ALWAYS_SEARCH_USER_PATHS = NO;
				ASSETCATALOG_COMPILER_GENERATE_SWIFT_ASSET_SYMBOL_EXTENSIONS = YES;
				CLANG_ANALYZER_NONNULL = YES;
				CLANG_ANALYZER_NUMBER_OBJECT_CONVERSION = YES_AGGRESSIVE;
				CLANG_CXX_LANGUAGE_STANDARD = "gnu++20";
				CLANG_ENABLE_MODULES = YES;
				CLANG_ENABLE_OBJC_ARC = YES;
				CLANG_ENABLE_OBJC_WEAK = YES;
				CLANG_WARN_BLOCK_CAPTURE_AUTORELEASING = YES;
				CLANG_WARN_BOOL_CONVERSION = YES;
				CLANG_WARN_COMMA = YES;
				CLANG_WARN_CONSTANT_CONVERSION = YES;
				CLANG_WARN_DEPRECATED_OBJC_IMPLEMENTATIONS = YES;
				CLANG_WARN_DIRECT_OBJC_ISA_USAGE = YES_ERROR;
				CLANG_WARN_DOCUMENTATION_COMMENTS = YES;
				CLANG_WARN_EMPTY_BODY = YES;
				CLANG_WARN_ENUM_CONVERSION = YES;
				CLANG_WARN_INFINITE_RECURSION = YES;
				CLANG_WARN_INT_CONVERSION = YES;
				CLANG_WARN_NON_LITERAL_NULL_CONVERSION = YES;
				CLANG_WARN_OBJC_IMPLICIT_RETAIN_SELF = YES;
				CLANG_WARN_OBJC_LITERAL_CONVERSION = YES;
				CLANG_WARN_OBJC_ROOT_CLASS = YES_ERROR;
				CLANG_WARN_QUOTED_INCLUDE_IN_FRAMEWORK_HEADER = YES;
				CLANG_WARN_RANGE_LOOP_ANALYSIS = YES;
				CLANG_WARN_STRICT_PROTOTYPES = YES;
				CLANG_WARN_SUSPICIOUS_MOVE = YES;
				CLANG_WARN_UNGUARDED_AVAILABILITY = YES_AGGRESSIVE;
				CLANG_WARN_UNREACHABLE_CODE = YES;
				CLANG_WARN__DUPLICATE_METHOD_MATCH = YES;
				COPY_PHASE_STRIP = NO;
				DEAD_CODE_STRIPPING = YES;
				DEBUG_INFORMATION_FORMAT = "dwarf-with-dsym";
				DEVELOPMENT_TEAM = FYT366469V;
				ENABLE_NS_ASSERTIONS = NO;
				ENABLE_STRICT_OBJC_MSGSEND = YES;
				ENABLE_USER_SCRIPT_SANDBOXING = YES;
				GCC_C_LANGUAGE_STANDARD = gnu17;
				GCC_NO_COMMON_BLOCKS = YES;
				GCC_WARN_64_TO_32_BIT_CONVERSION = YES;
				GCC_WARN_ABOUT_RETURN_TYPE = YES_ERROR;
				GCC_WARN_UNDECLARED_SELECTOR = YES;
				GCC_WARN_UNINITIALIZED_AUTOS = YES_AGGRESSIVE;
				GCC_WARN_UNUSED_FUNCTION = YES;
				GCC_WARN_UNUSED_VARIABLE = YES;
				LOCALIZATION_PREFERS_STRING_CATALOGS = YES;
				MACOSX_DEPLOYMENT_TARGET = 15.5;
				MTL_ENABLE_DEBUG_INFO = NO;
				MTL_FAST_MATH = YES;
				SDKROOT = macosx;
				STRING_CATALOG_GENERATE_SYMBOLS = YES;
				SWIFT_COMPILATION_MODE = wholemodule;
				SWIFT_EMIT_LOC_STRINGS = YES;
			};
			name = Release;
		};
		790799932E4507BB004D9D1A /* Debug */ = {
			isa = XCBuildConfiguration;
			baseConfigurationReference = 7983E1CD2E6DFB800067CFA6 /* Debug.xcconfig */;
			buildSettings = {
				ASSETCATALOG_COMPILER_APPICON_NAME = AppIcon;
				ASSETCATALOG_COMPILER_GLOBAL_ACCENT_COLOR_NAME = AccentColor;
				ASSETCATALOG_COMPILER_INCLUDE_ALL_APPICON_ASSETS = YES;
				CODE_SIGN_ENTITLEMENTS = XcodePAI/XcodePAI.entitlements;
				CODE_SIGN_STYLE = Automatic;
				COMBINE_HIDPI_IMAGES = YES;
				CURRENT_PROJECT_VERSION = "$(APP_BUILD)";
				DEAD_CODE_STRIPPING = YES;
				DEVELOPMENT_TEAM = FYT366469V;
				ENABLE_APP_SANDBOX = NO;
				ENABLE_HARDENED_RUNTIME = YES;
				ENABLE_INCOMING_NETWORK_CONNECTIONS = YES;
				ENABLE_OUTGOING_NETWORK_CONNECTIONS = YES;
				ENABLE_PREVIEWS = YES;
				ENABLE_USER_SELECTED_FILES = readonly;
				GENERATE_INFOPLIST_FILE = YES;
				INFOPLIST_FILE = XcodePAI/Info.plist;
				INFOPLIST_KEY_CFBundleDisplayName = "${HOST_APP_NAME}";
				INFOPLIST_KEY_NSHumanReadableCopyright = "";
				LD_RUNPATH_SEARCH_PATHS = (
					"$(inherited)",
					"@executable_path/../Frameworks",
				);
				MACOSX_DEPLOYMENT_TARGET = 15.0;
				MARKETING_VERSION = "$(APP_VERSION)";
				PRODUCT_BUNDLE_IDENTIFIER = "${BUNDLE_IDENTIFIER_BASE}";
				PRODUCT_NAME = "$(HOST_APP_NAME)";
				REGISTER_APP_GROUPS = YES;
				SWIFT_EMIT_LOC_STRINGS = YES;
				SWIFT_VERSION = 5.0;
			};
			name = Debug;
		};
		790799942E4507BB004D9D1A /* Release */ = {
			isa = XCBuildConfiguration;
			baseConfigurationReference = 79F7432B2E672E9200C35D1B /* Config.xcconfig */;
			buildSettings = {
				ASSETCATALOG_COMPILER_APPICON_NAME = AppIcon;
				ASSETCATALOG_COMPILER_GLOBAL_ACCENT_COLOR_NAME = AccentColor;
				ASSETCATALOG_COMPILER_INCLUDE_ALL_APPICON_ASSETS = YES;
				CODE_SIGN_ENTITLEMENTS = XcodePAI/XcodePAI.entitlements;
				"CODE_SIGN_IDENTITY[sdk=macosx*]" = "Developer ID Application";
				CODE_SIGN_STYLE = Manual;
				COMBINE_HIDPI_IMAGES = YES;
				CURRENT_PROJECT_VERSION = "$(APP_BUILD)";
				DEAD_CODE_STRIPPING = YES;
				DEVELOPMENT_TEAM = "";
				"DEVELOPMENT_TEAM[sdk=macosx*]" = FYT366469V;
				ENABLE_APP_SANDBOX = NO;
				ENABLE_HARDENED_RUNTIME = YES;
				ENABLE_INCOMING_NETWORK_CONNECTIONS = YES;
				ENABLE_OUTGOING_NETWORK_CONNECTIONS = YES;
				ENABLE_PREVIEWS = YES;
				ENABLE_USER_SELECTED_FILES = readonly;
				GENERATE_INFOPLIST_FILE = YES;
				INFOPLIST_FILE = XcodePAI/Info.plist;
				INFOPLIST_KEY_CFBundleDisplayName = XcodePaI;
				INFOPLIST_KEY_NSHumanReadableCopyright = "";
				LD_RUNPATH_SEARCH_PATHS = (
					"$(inherited)",
					"@executable_path/../Frameworks",
				);
				MACOSX_DEPLOYMENT_TARGET = 15.0;
				MARKETING_VERSION = "$(APP_VERSION)";
				PRODUCT_BUNDLE_IDENTIFIER = "${BUNDLE_IDENTIFIER_BASE}";
				PRODUCT_NAME = "$(HOST_APP_NAME)";
				PROVISIONING_PROFILE_SPECIFIER = "";
				REGISTER_APP_GROUPS = YES;
				SWIFT_EMIT_LOC_STRINGS = YES;
				SWIFT_VERSION = 5.0;
			};
			name = Release;
		};
		79F7431F2E672E1200C35D1B /* Debug */ = {
			isa = XCBuildConfiguration;
			baseConfigurationReference = 7983E1CD2E6DFB800067CFA6 /* Debug.xcconfig */;
			buildSettings = {
				CODE_SIGN_ENTITLEMENTS = EditExtension/EditExtension.entitlements;
				CODE_SIGN_STYLE = Automatic;
				COMBINE_HIDPI_IMAGES = YES;
				CURRENT_PROJECT_VERSION = "$(APP_BUILD)";
				DEVELOPMENT_TEAM = FYT366469V;
				ENABLE_HARDENED_RUNTIME = YES;
				GENERATE_INFOPLIST_FILE = NO;
				INFOPLIST_FILE = EditExtension/Info.plist;
				INFOPLIST_KEY_CFBundleDisplayName = "";
				INFOPLIST_KEY_NSHumanReadableCopyright = "";
				LD_RUNPATH_SEARCH_PATHS = (
					"$(inherited)",
					"@executable_path/../Frameworks",
					"@executable_path/../../../../Frameworks",
				);
				MACOSX_DEPLOYMENT_TARGET = 15.0;
				MARKETING_VERSION = "$(APP_VERSION)";
				PRODUCT_BUNDLE_IDENTIFIER = "${BUNDLE_IDENTIFIER_BASE}.EditExtension";
				PRODUCT_MODULE_NAME = "$(PRODUCT_NAME:c99extidentifier)";
				PRODUCT_NAME = EditExtension;
				REGISTER_APP_GROUPS = YES;
				SKIP_INSTALL = YES;
				SWIFT_EMIT_LOC_STRINGS = YES;
				SWIFT_VERSION = 5.0;
			};
			name = Debug;
		};
		79F743202E672E1200C35D1B /* Release */ = {
			isa = XCBuildConfiguration;
			baseConfigurationReference = 79F7432B2E672E9200C35D1B /* Config.xcconfig */;
			buildSettings = {
				CODE_SIGN_ENTITLEMENTS = EditExtension/EditExtension.entitlements;
				"CODE_SIGN_IDENTITY[sdk=macosx*]" = "Developer ID Application";
				CODE_SIGN_STYLE = Manual;
				COMBINE_HIDPI_IMAGES = YES;
				CURRENT_PROJECT_VERSION = "$(APP_BUILD)";
				DEVELOPMENT_TEAM = "";
				"DEVELOPMENT_TEAM[sdk=macosx*]" = FYT366469V;
				ENABLE_HARDENED_RUNTIME = YES;
				GENERATE_INFOPLIST_FILE = NO;
				INFOPLIST_FILE = EditExtension/Info.plist;
				INFOPLIST_KEY_CFBundleDisplayName = "";
				INFOPLIST_KEY_NSHumanReadableCopyright = "";
				LD_RUNPATH_SEARCH_PATHS = (
					"$(inherited)",
					"@executable_path/../Frameworks",
					"@executable_path/../../../../Frameworks",
				);
				MACOSX_DEPLOYMENT_TARGET = 15.0;
				MARKETING_VERSION = "$(APP_VERSION)";
				PRODUCT_BUNDLE_IDENTIFIER = "${BUNDLE_IDENTIFIER_BASE}.EditExtension";
				PRODUCT_MODULE_NAME = "$(PRODUCT_NAME:c99extidentifier)";
				PRODUCT_NAME = EditExtension;
				PROVISIONING_PROFILE_SPECIFIER = "";
				REGISTER_APP_GROUPS = YES;
				SKIP_INSTALL = YES;
				SWIFT_EMIT_LOC_STRINGS = YES;
				SWIFT_VERSION = 5.0;
			};
			name = Release;
		};
/* End XCBuildConfiguration section */

/* Begin XCConfigurationList section */
		790799812E4507BA004D9D1A /* Build configuration list for PBXProject "XcodePAI" */ = {
			isa = XCConfigurationList;
			buildConfigurations = (
				790799902E4507BB004D9D1A /* Debug */,
				790799912E4507BB004D9D1A /* Release */,
			);
			defaultConfigurationIsVisible = 0;
			defaultConfigurationName = Release;
		};
		790799922E4507BB004D9D1A /* Build configuration list for PBXNativeTarget "XcodePAI" */ = {
			isa = XCConfigurationList;
			buildConfigurations = (
				790799932E4507BB004D9D1A /* Debug */,
				790799942E4507BB004D9D1A /* Release */,
			);
			defaultConfigurationIsVisible = 0;
			defaultConfigurationName = Release;
		};
		79F7431E2E672E1200C35D1B /* Build configuration list for PBXNativeTarget "EditExtension" */ = {
			isa = XCConfigurationList;
			buildConfigurations = (
				79F7431F2E672E1200C35D1B /* Debug */,
				79F743202E672E1200C35D1B /* Release */,
			);
			defaultConfigurationIsVisible = 0;
			defaultConfigurationName = Release;
		};
/* End XCConfigurationList section */

/* Begin XCRemoteSwiftPackageReference section */
		79079A012E4E191D004D9D1A /* XCRemoteSwiftPackageReference "swift-sdk" */ = {
			isa = XCRemoteSwiftPackageReference;
			repositoryURL = "https://github.com/modelcontextprotocol/swift-sdk.git";
			requirement = {
				kind = upToNextMajorVersion;
				minimumVersion = 0.10.1;
			};
		};
/* End XCRemoteSwiftPackageReference section */

/* Begin XCSwiftPackageProductDependency section */
		79079A022E4E191D004D9D1A /* MCP */ = {
			isa = XCSwiftPackageProductDependency;
			package = 79079A012E4E191D004D9D1A /* XCRemoteSwiftPackageReference "swift-sdk" */;
			productName = MCP;
		};
		793260312E68AC070017E87F /* MainAppService */ = {
			isa = XCSwiftPackageProductDependency;
			productName = MainAppService;
		};
		79F743352E674EA000C35D1B /* EditExtensionService */ = {
			isa = XCSwiftPackageProductDependency;
			productName = EditExtensionService;
		};
/* End XCSwiftPackageProductDependency section */
	};
	rootObject = 7907997E2E4507BA004D9D1A /* Project object */;
}
